<?xml version="1.0" encoding="utf-8"?>
<Project ToolsVersion="4.0" xmlns="http://schemas.microsoft.com/developer/msbuild/2003">
  <ItemGroup>
    <Filter Include="Thirdparty">
      <UniqueIdentifier>{580b8afc-f1d5-4b0f-b480-11b17b043cbb}</UniqueIdentifier>
    </Filter>
    <Filter Include="Math">
      <UniqueIdentifier>{67DA6AB6-F800-4c08-8B7A-83BB121AAD01}</UniqueIdentifier>
      <Extensions>rc;ico;cur;bmp;dlg;rc2;rct;bin;rgs;gif;jpg;jpeg;jpe;resx;tiff;tif;png;wav;mfcribbon-ms</Extensions>
    </Filter>
    <Filter Include="Core">
      <UniqueIdentifier>{a792c07b-7cfe-4c8b-8cbe-52d26e5569a9}</UniqueIdentifier>
    </Filter>
    <Filter Include="RHI">
      <UniqueIdentifier>{cce0ad43-3003-47c5-98e6-c41f1b129827}</UniqueIdentifier>
    </Filter>
    <Filter Include="Renderer">
      <UniqueIdentifier>{c48deb96-0ccd-487c-8806-a569e8432cde}</UniqueIdentifier>
    </Filter>
    <Filter Include="Renderer\DirectX">
      <UniqueIdentifier>{de89e924-c25c-4a06-8c2f-ad6a66dcc026}</UniqueIdentifier>
    </Filter>
    <Filter Include="Renderer\Core">
      <UniqueIdentifier>{81bcac69-e903-46e1-bbe6-c9f41a332b44}</UniqueIdentifier>
    </Filter>
    <Filter Include="Input">
      <UniqueIdentifier>{66a8e966-fbbd-452b-ae34-742c16742942}</UniqueIdentifier>
    </Filter>
    <Filter Include="Audio">
      <UniqueIdentifier>{83b97a72-9a62-4db3-aea0-9b583284ce91}</UniqueIdentifier>
    </Filter>
    <Filter Include="UI">
      <UniqueIdentifier>{31c49598-4777-42bf-b190-1015b5ca2e33}</UniqueIdentifier>
    </Filter>
    <Filter Include="Networking">
      <UniqueIdentifier>{5b92a416-0a32-4dce-abea-a56660a892da}</UniqueIdentifier>
    </Filter>
    <Filter Include="Profiling">
      <UniqueIdentifier>{d2bb5a78-3449-4cb3-895e-903e8efbb1fb}</UniqueIdentifier>
    </Filter>
    <Filter Include="System">
      <UniqueIdentifier>{4b9283e1-491f-497b-8a6c-62833416b468}</UniqueIdentifier>
    </Filter>
    <Filter Include="Memory">
      <UniqueIdentifier>{a31d06cf-99ee-41cf-af7f-63601f6c7be2}</UniqueIdentifier>
    </Filter>
    <Filter Include="Thirdparty\ImGui">
      <UniqueIdentifier>{d5225282-fa33-496b-86e0-f07cc09a88cc}</UniqueIdentifier>
    </Filter>
    <Filter Include="Thirdparty\STB">
      <UniqueIdentifier>{e149fa05-7429-4c7c-990d-fd2a519b9e67}</UniqueIdentifier>
    </Filter>
    <Filter Include="Thirdparty\JSON">
      <UniqueIdentifier>{f7bb36e2-3e60-4ae8-a74e-343b056bf2c0}</UniqueIdentifier>
    </Filter>
    <Filter Include="Thirdparty\TinyXML">
      <UniqueIdentifier>{fc6e0dc4-15c5-48ae-8ba2-c91568d1c50c}</UniqueIdentifier>
    </Filter>
    <Filter Include="Physics">
      <UniqueIdentifier>{e6b637d5-e9d2-41b2-954d-50d2aa587ec4}</UniqueIdentifier>
    </Filter>
    <Filter Include="Thirdparty\EnTT">
      <UniqueIdentifier>{13d0dc8d-6f17-4a5e-a8f5-67b6463b9929}</UniqueIdentifier>
    </Filter>
    <Filter Include="Services">
      <UniqueIdentifier>{a63707d4-a79f-44ee-bfa3-69b443c8472c}</UniqueIdentifier>
    </Filter>
    <Filter Include="Physics\Particles">
      <UniqueIdentifier>{b1c5d50a-7916-48b5-a7cb-68a8c6d7aaee}</UniqueIdentifier>
    </Filter>
    <Filter Include="Game">
      <UniqueIdentifier>{8f2a621d-7ba7-4449-9dd5-01726f3f7d56}</UniqueIdentifier>
    </Filter>
    <Filter Include="Scene">
      <UniqueIdentifier>{4d5a5f00-29b8-4a08-8f7c-6c118ff722f7}</UniqueIdentifier>
    </Filter>
    <Filter Include="Platform">
      <UniqueIdentifier>{a963c7c1-d5b7-4b79-98ba-3339e7d7e142}</UniqueIdentifier>
    </Filter>
    <Filter Include="Platform\DirectX">
      <UniqueIdentifier>{4c844163-782e-4954-a007-49df2e01c8ef}</UniqueIdentifier>
    </Filter>
    <Filter Include="Platform\Windows">
      <UniqueIdentifier>{aa14a974-13f5-4a4a-a70c-6140ab817b65}</UniqueIdentifier>
    </Filter>
    <Filter Include="Thirdparty\Webp">
      <UniqueIdentifier>{134fafe8-e2e4-405e-b30f-49d8a7cc8af9}</UniqueIdentifier>
    </Filter>
    <Filter Include="Renderer\DirectX\Shaders">
      <UniqueIdentifier>{af4d5889-90f3-42e2-bf0e-38cb68966b9d}</UniqueIdentifier>
    </Filter>
    <Filter Include="Thirdparty\Webm">
      <UniqueIdentifier>{f91794cc-398f-477d-b7f8-8d9b5a350aea}</UniqueIdentifier>
    </Filter>
    <Filter Include="Thirdparty\Webm\common">
      <UniqueIdentifier>{edc8a998-723f-4361-8886-c7c1704ebe0a}</UniqueIdentifier>
    </Filter>
    <Filter Include="Thirdparty\Webm\m2ts">
      <UniqueIdentifier>{c776b3e5-91c9-48ae-b239-012c253d69c4}</UniqueIdentifier>
    </Filter>
    <Filter Include="Thirdparty\Webm\mkvmuxer">
      <UniqueIdentifier>{ceb6d2d1-9fc9-4fca-9eb0-4d15b1253e2a}</UniqueIdentifier>
    </Filter>
    <Filter Include="Thirdparty\Webm\mkvparser">
      <UniqueIdentifier>{a03bb596-7541-4b9c-821a-c96f33ec8127}</UniqueIdentifier>
    </Filter>
    <Filter Include="Thirdparty\Webm\webm_parser">
      <UniqueIdentifier>{929ababe-10f7-4df3-a751-599327ae535c}</UniqueIdentifier>
    </Filter>
    <Filter Include="Thirdparty\Webm\webvtt">
      <UniqueIdentifier>{2ec134fe-8ae0-4007-b8c8-7ea8b8068c65}</UniqueIdentifier>
    </Filter>
    <Filter Include="Thirdparty\Webm\webm_parser\include">
      <UniqueIdentifier>{a3c5c759-cf21-4a46-84a7-e4ed74b14b63}</UniqueIdentifier>
    </Filter>
    <Filter Include="Thirdparty\Webm\webm_parser\src">
      <UniqueIdentifier>{b40d7da6-f2ff-4cbb-a2fb-426be082f14e}</UniqueIdentifier>
    </Filter>
    <Filter Include="Thirdparty\Webm\webm_parser\include\webm">
      <UniqueIdentifier>{a94fa2a2-c7bd-4ac1-9099-73591c09c91a}</UniqueIdentifier>
    </Filter>
    <Filter Include="Assets">
      <UniqueIdentifier>{4d62a80a-02cf-4def-a9a9-e0da024d7ca8}</UniqueIdentifier>
    </Filter>
    <Filter Include="Video">
      <UniqueIdentifier>{54f8c518-ecec-4798-925e-ea86385b1ff4}</UniqueIdentifier>
    </Filter>
    <Filter Include="Thirdparty\box2d">
      <UniqueIdentifier>{081e3375-4160-40b2-9075-dffbc69171e8}</UniqueIdentifier>
    </Filter>
    <Filter Include="Thirdparty\clay">
      <UniqueIdentifier>{35110bb2-c07c-4cb6-9014-f03efffeed61}</UniqueIdentifier>
    </Filter>
    <Filter Include="Thirdparty\Tracy">
      <UniqueIdentifier>{6bac5d2a-472d-4183-971c-900f1592aa7a}</UniqueIdentifier>
    </Filter>
    <Filter Include="Thirdparty\Tracy\client">
      <UniqueIdentifier>{62c1e832-4295-4b6a-b57c-e2a46d29b9d1}</UniqueIdentifier>
    </Filter>
    <Filter Include="Thirdparty\Tracy\common">
      <UniqueIdentifier>{0b72fdf2-f424-4b04-874a-9ae4edc8d1fa}</UniqueIdentifier>
    </Filter>
    <Filter Include="Thirdparty\Tracy\tracy">
      <UniqueIdentifier>{dffbd592-48c9-4a99-8657-1dc31fd950c3}</UniqueIdentifier>
    </Filter>
    <Filter Include="Thirdparty\Tracy\libbacktrace">
      <UniqueIdentifier>{516014aa-3251-4a1c-a522-416ef82ea996}</UniqueIdentifier>
    </Filter>
    <Filter Include="Thirdparty\freetype">
      <UniqueIdentifier>{a6ae18ae-7f73-4716-b934-ca94df19cca6}</UniqueIdentifier>
    </Filter>
    <Filter Include="Thirdparty\freetype\freetype">
      <UniqueIdentifier>{79c9887f-f269-4d3c-94d2-dc296c3744ba}</UniqueIdentifier>
    </Filter>
    <Filter Include="Thirdparty\freetype\freetype\config">
      <UniqueIdentifier>{dcbefcf6-1f37-468a-a9f8-8e8d08c59085}</UniqueIdentifier>
    </Filter>
    <Filter Include="Thirdparty\freetype\freetype\internal">
      <UniqueIdentifier>{a2b7dfd2-5721-4e08-a944-77ea6464445a}</UniqueIdentifier>
    </Filter>
    <Filter Include="Thirdparty\freetype\freetype\internal\services">
      <UniqueIdentifier>{ea88b0f7-fe87-4797-8c9d-b2adb072af46}</UniqueIdentifier>
    </Filter>
    <Filter Include="Thirdparty\zlib">
      <UniqueIdentifier>{130896fa-f8ea-4b73-9251-f5cee8820867}</UniqueIdentifier>
    </Filter>
  </ItemGroup>
  <ItemGroup>
    <ClCompile Include="Math\Vector2.cpp">
      <Filter>Math</Filter>
    </ClCompile>
    <ClCompile Include="Math\MathUtils.cpp">
      <Filter>Math</Filter>
    </ClCompile>
    <ClCompile Include="Math\Vector3.cpp">
      <Filter>Math</Filter>
    </ClCompile>
    <ClCompile Include="Math\Vector4.cpp">
      <Filter>Math</Filter>
    </ClCompile>
    <ClCompile Include="Math\IntVector2.cpp">
      <Filter>Math</Filter>
    </ClCompile>
    <ClCompile Include="Math\IntVector3.cpp">
      <Filter>Math</Filter>
    </ClCompile>
    <ClCompile Include="Math\IntVector4.cpp">
      <Filter>Math</Filter>
    </ClCompile>
    <ClCompile Include="Math\Noise.cpp">
      <Filter>Math</Filter>
    </ClCompile>
    <ClCompile Include="Math\AABB2.cpp">
      <Filter>Math</Filter>
    </ClCompile>
    <ClCompile Include="Math\AABB3.cpp">
      <Filter>Math</Filter>
    </ClCompile>
    <ClCompile Include="Math\Disc2.cpp">
      <Filter>Math</Filter>
    </ClCompile>
    <ClCompile Include="Math\LineSegment2.cpp">
      <Filter>Math</Filter>
    </ClCompile>
    <ClCompile Include="Math\Capsule2.cpp">
      <Filter>Math</Filter>
    </ClCompile>
    <ClCompile Include="Math\LineSegment3.cpp">
      <Filter>Math</Filter>
    </ClCompile>
    <ClCompile Include="Math\Sphere3.cpp">
      <Filter>Math</Filter>
    </ClCompile>
    <ClCompile Include="Math\Capsule3.cpp">
      <Filter>Math</Filter>
    </ClCompile>
    <ClCompile Include="Math\Plane2.cpp">
      <Filter>Math</Filter>
    </ClCompile>
    <ClCompile Include="Math\Plane3.cpp">
      <Filter>Math</Filter>
    </ClCompile>
    <ClCompile Include="Math\Quaternion.cpp">
      <Filter>Math</Filter>
    </ClCompile>
    <ClCompile Include="Math\Matrix4.cpp">
      <Filter>Math</Filter>
    </ClCompile>
    <ClCompile Include="Core\StringUtils.cpp">
      <Filter>Core</Filter>
    </ClCompile>
    <ClCompile Include="Core\TimeUtils.cpp">
      <Filter>Core</Filter>
    </ClCompile>
    <ClCompile Include="Core\Rgba.cpp">
      <Filter>Core</Filter>
    </ClCompile>
    <ClCompile Include="RHI\RHIDevice.cpp">
      <Filter>RHI</Filter>
    </ClCompile>
    <ClCompile Include="RHI\RHIDeviceContext.cpp">
      <Filter>RHI</Filter>
    </ClCompile>
    <ClCompile Include="RHI\RHIOutput.cpp">
      <Filter>RHI</Filter>
    </ClCompile>
    <ClCompile Include="Renderer\Window.cpp">
      <Filter>Renderer\Core</Filter>
    </ClCompile>
    <ClCompile Include="RHI\RHIInstance.cpp">
      <Filter>RHI</Filter>
    </ClCompile>
    <ClCompile Include="Renderer\DirectX\DX11.cpp">
      <Filter>Renderer\DirectX</Filter>
    </ClCompile>
    <ClCompile Include="Core\EngineBase.cpp">
      <Filter>Core</Filter>
    </ClCompile>
    <ClCompile Include="RHI\RHITypes.cpp">
      <Filter>RHI</Filter>
    </ClCompile>
    <ClCompile Include="Core\ErrorWarningAssert.cpp">
      <Filter>Core</Filter>
    </ClCompile>
    <ClCompile Include="Renderer\Texture2D.cpp">
      <Filter>Renderer\Core</Filter>
    </ClCompile>
    <ClCompile Include="Renderer\Texture.cpp">
      <Filter>Renderer\Core</Filter>
    </ClCompile>
    <ClCompile Include="Renderer\Renderer.cpp">
      <Filter>Renderer\Core</Filter>
    </ClCompile>
    <ClCompile Include="Core\DataUtils.cpp">
      <Filter>Core</Filter>
    </ClCompile>
    <ClCompile Include="Core\Image.cpp">
      <Filter>Core</Filter>
    </ClCompile>
    <ClCompile Include="Input\XboxController.cpp">
      <Filter>Input</Filter>
    </ClCompile>
    <ClCompile Include="Input\InputSystem.cpp">
      <Filter>Input</Filter>
    </ClCompile>
    <ClCompile Include="Core\EngineSubsystem.cpp">
      <Filter>Core</Filter>
    </ClCompile>
    <ClCompile Include="Core\FileUtils.cpp">
      <Filter>Core</Filter>
    </ClCompile>
    <ClCompile Include="Renderer\DepthStencilState.cpp">
      <Filter>Renderer\Core</Filter>
    </ClCompile>
    <ClCompile Include="Renderer\Texture1D.cpp">
      <Filter>Renderer\Core</Filter>
    </ClCompile>
    <ClCompile Include="Renderer\Texture3D.cpp">
      <Filter>Renderer\Core</Filter>
    </ClCompile>
    <ClCompile Include="Renderer\VertexBuffer.cpp">
      <Filter>Renderer\Core</Filter>
    </ClCompile>
    <ClCompile Include="Renderer\Buffer.cpp">
      <Filter>Renderer\Core</Filter>
    </ClCompile>
    <ClCompile Include="Renderer\ArrayBuffer.cpp">
      <Filter>Renderer\Core</Filter>
    </ClCompile>
    <ClCompile Include="Renderer\IndexBuffer.cpp">
      <Filter>Renderer\Core</Filter>
    </ClCompile>
    <ClCompile Include="Renderer\ConstantBuffer.cpp">
      <Filter>Renderer\Core</Filter>
    </ClCompile>
    <ClCompile Include="Renderer\StructuredBuffer.cpp">
      <Filter>Renderer\Core</Filter>
    </ClCompile>
    <ClCompile Include="Renderer\InputLayout.cpp">
      <Filter>Renderer\Core</Filter>
    </ClCompile>
    <ClCompile Include="Renderer\ShaderProgram.cpp">
      <Filter>Renderer\Core</Filter>
    </ClCompile>
    <ClCompile Include="Renderer\Material.cpp">
      <Filter>Renderer\Core</Filter>
    </ClCompile>
    <ClCompile Include="Renderer\Shader.cpp">
      <Filter>Renderer\Core</Filter>
    </ClCompile>
    <ClCompile Include="Renderer\BlendState.cpp">
      <Filter>Renderer\Core</Filter>
    </ClCompile>
    <ClCompile Include="Renderer\RasterState.cpp">
      <Filter>Renderer\Core</Filter>
    </ClCompile>
    <ClCompile Include="Renderer\Sampler.cpp">
      <Filter>Renderer\Core</Filter>
    </ClCompile>
    <ClCompile Include="Renderer\Camera3D.cpp">
      <Filter>Renderer\Core</Filter>
    </ClCompile>
    <ClCompile Include="Renderer\Camera2D.cpp">
      <Filter>Renderer\Core</Filter>
    </ClCompile>
    <ClCompile Include="Core\FileLogger.cpp">
      <Filter>Core</Filter>
    </ClCompile>
    <ClCompile Include="Renderer\SpriteSheet.cpp">
      <Filter>Renderer\Core</Filter>
    </ClCompile>
    <ClCompile Include="Core\KerningFont.cpp">
      <Filter>Core</Filter>
    </ClCompile>
    <ClCompile Include="Core\Console.cpp">
      <Filter>Core</Filter>
    </ClCompile>
    <ClCompile Include="Core\ArgumentParser.cpp">
      <Filter>Core</Filter>
    </ClCompile>
    <ClCompile Include="Renderer\TextureArray2D.cpp">
      <Filter>Renderer\Core</Filter>
    </ClCompile>
    <ClCompile Include="Renderer\AnimatedSprite.cpp">
      <Filter>Renderer\Core</Filter>
    </ClCompile>
    <ClCompile Include="Audio\AudioSystem.cpp">
      <Filter>Audio</Filter>
    </ClCompile>
    <ClCompile Include="Core\Riff.cpp">
      <Filter>Core</Filter>
    </ClCompile>
    <ClCompile Include="Audio\Wav.cpp">
      <Filter>Audio</Filter>
    </ClCompile>
    <ClCompile Include="Core\JobSystem.cpp">
      <Filter>Core</Filter>
    </ClCompile>
    <ClCompile Include="Core\Config.cpp">
      <Filter>Core</Filter>
    </ClCompile>
    <ClCompile Include="Core\Stopwatch.cpp">
      <Filter>Core</Filter>
    </ClCompile>
    <ClCompile Include="Math\Frustum.cpp">
      <Filter>Math</Filter>
    </ClCompile>
    <ClCompile Include="Networking\Address.cpp">
      <Filter>Networking</Filter>
    </ClCompile>
    <ClCompile Include="Networking\NetUtils.cpp">
      <Filter>Networking</Filter>
    </ClCompile>
    <ClCompile Include="Renderer\Model.cpp">
      <Filter>Renderer\Core</Filter>
    </ClCompile>
    <ClCompile Include="Core\Obj.cpp">
      <Filter>Core</Filter>
    </ClCompile>
    <ClCompile Include="Core\KeyValueParser.cpp">
      <Filter>Core</Filter>
    </ClCompile>
    <ClCompile Include="Core\BuildConfig.hpp">
      <Filter>Core</Filter>
    </ClCompile>
    <ClCompile Include="Profiling\ProfileLogScope.cpp">
      <Filter>Profiling</Filter>
    </ClCompile>
    <ClCompile Include="Profiling\StackTrace.cpp">
      <Filter>Profiling</Filter>
    </ClCompile>
    <ClCompile Include="Core\Base64.cpp">
      <Filter>Core</Filter>
    </ClCompile>
    <ClCompile Include="System\Cpu.cpp">
      <Filter>System</Filter>
    </ClCompile>
    <ClCompile Include="System\Ram.cpp">
      <Filter>System</Filter>
    </ClCompile>
    <ClCompile Include="System\System.cpp">
      <Filter>System</Filter>
    </ClCompile>
    <ClCompile Include="Profiling\AllocationTracker.cpp">
      <Filter>Profiling</Filter>
    </ClCompile>
    <ClCompile Include="Renderer\RenderTargetStack.cpp">
      <Filter>Renderer\Core</Filter>
    </ClCompile>
    <ClCompile Include="Math\OBB2.cpp">
      <Filter>Math</Filter>
    </ClCompile>
    <ClCompile Include="RHI\RHIFactory.cpp">
      <Filter>RHI</Filter>
    </ClCompile>
    <ClCompile Include="..\Thirdparty\ImGui\imgui.cpp">
      <Filter>Thirdparty\ImGui</Filter>
    </ClCompile>
    <ClCompile Include="..\Thirdparty\ImGui\imgui_demo.cpp">
      <Filter>Thirdparty\ImGui</Filter>
    </ClCompile>
    <ClCompile Include="..\Thirdparty\ImGui\imgui_draw.cpp">
      <Filter>Thirdparty\ImGui</Filter>
    </ClCompile>
    <ClCompile Include="..\Thirdparty\ImGui\imgui_widgets.cpp">
      <Filter>Thirdparty\ImGui</Filter>
    </ClCompile>
    <ClCompile Include="..\Thirdparty\stb\stb.cpp">
      <Filter>Thirdparty\STB</Filter>
    </ClCompile>
    <ClCompile Include="..\Thirdparty\TinyXML2\tinyxml2.cpp">
      <Filter>Thirdparty\TinyXML</Filter>
    </ClCompile>
    <ClCompile Include="UI\UISystem.cpp">
      <Filter>UI</Filter>
    </ClCompile>
    <ClCompile Include="..\Thirdparty\Imgui\imgui_impl_dx11.cpp">
      <Filter>Thirdparty\ImGui</Filter>
    </ClCompile>
    <ClCompile Include="..\Thirdparty\Imgui\imgui_impl_win32.cpp">
      <Filter>Thirdparty\ImGui</Filter>
    </ClCompile>
    <ClCompile Include="..\Thirdparty\Imgui\imgui_stdlib.cpp">
      <Filter>Thirdparty\ImGui</Filter>
    </ClCompile>
    <ClCompile Include="System\OS.cpp">
      <Filter>System</Filter>
    </ClCompile>
    <ClCompile Include="Core\Clipboard.cpp">
      <Filter>Core</Filter>
    </ClCompile>
    <ClCompile Include="Renderer\Mesh.cpp">
      <Filter>Renderer\Core</Filter>
    </ClCompile>
    <ClCompile Include="Core\ThreadUtils.cpp">
      <Filter>Core</Filter>
    </ClCompile>
    <ClCompile Include="Physics\PhysicsSystem.cpp">
      <Filter>Physics</Filter>
    </ClCompile>
    <ClCompile Include="Math\Polygon2.cpp">
      <Filter>Math</Filter>
    </ClCompile>
    <ClCompile Include="Math\Ray2.cpp">
      <Filter>Math</Filter>
    </ClCompile>
    <ClCompile Include="Math\Ray3.cpp">
      <Filter>Math</Filter>
    </ClCompile>
    <ClCompile Include="Renderer\Camera.cpp">
      <Filter>Renderer\Core</Filter>
    </ClCompile>
    <ClCompile Include="Renderer\InputLayoutInstanced.cpp">
      <Filter>Renderer\Core</Filter>
    </ClCompile>
    <ClCompile Include="Core\OrthographicCameraController.cpp">
      <Filter>Core</Filter>
    </ClCompile>
    <ClCompile Include="Core\Utilities.cpp">
      <Filter>Core</Filter>
    </ClCompile>
    <ClCompile Include="Physics\RigidBody.cpp">
      <Filter>Physics</Filter>
    </ClCompile>
    <ClCompile Include="Physics\Collider.cpp">
      <Filter>Physics</Filter>
    </ClCompile>
    <ClCompile Include="Physics\PhysicsUtils.cpp">
      <Filter>Physics</Filter>
    </ClCompile>
    <ClCompile Include="Physics\PhysicsTypes.cpp">
      <Filter>Physics</Filter>
    </ClCompile>
    <ClCompile Include="Physics\GravityForceGenerator.cpp">
      <Filter>Physics</Filter>
    </ClCompile>
    <ClCompile Include="Physics\ForceGenerator.cpp">
      <Filter>Physics</Filter>
    </ClCompile>
    <ClCompile Include="Physics\DragForceGenerator.cpp">
      <Filter>Physics</Filter>
    </ClCompile>
    <ClCompile Include="Physics\Joint.cpp">
      <Filter>Physics</Filter>
    </ClCompile>
    <ClCompile Include="Physics\SpringJoint.cpp">
      <Filter>Physics</Filter>
    </ClCompile>
    <ClCompile Include="Physics\RodJoint.cpp">
      <Filter>Physics</Filter>
    </ClCompile>
    <ClCompile Include="Physics\CableJoint.cpp">
      <Filter>Physics</Filter>
    </ClCompile>
    <ClCompile Include="..\Thirdparty\Imgui\imgui_tables.cpp">
      <Filter>Thirdparty\ImGui</Filter>
    </ClCompile>
    <ClCompile Include="Core\MtlReader.cpp">
      <Filter>Core</Filter>
    </ClCompile>
    <ClCompile Include="Math\Rotator.cpp">
      <Filter>Math</Filter>
    </ClCompile>
    <ClCompile Include="Services\ServiceLocator.cpp">
      <Filter>Services</Filter>
    </ClCompile>
    <ClCompile Include="Core\JobTypes.cpp">
      <Filter>Core</Filter>
    </ClCompile>
    <ClCompile Include="Input\KeyCode.cpp">
      <Filter>Input</Filter>
    </ClCompile>
    <ClCompile Include="Renderer\DrawInstruction.cpp">
      <Filter>Renderer\Core</Filter>
    </ClCompile>
    <ClCompile Include="Renderer\VertexBufferInstanced.cpp">
      <Filter>Renderer\Core</Filter>
    </ClCompile>
    <ClCompile Include="Renderer\MeshInstanced.cpp">
      <Filter>Renderer\Core</Filter>
    </ClCompile>
    <ClCompile Include="Physics\Particles\Particle.cpp">
      <Filter>Physics\Particles</Filter>
    </ClCompile>
    <ClCompile Include="Physics\Particles\ParticleSystem.cpp">
      <Filter>Physics\Particles</Filter>
    </ClCompile>
    <ClCompile Include="Physics\Particles\ParticleEffectDefinition.cpp">
      <Filter>Physics\Particles</Filter>
    </ClCompile>
    <ClCompile Include="Physics\Particles\ParticleEmitterDefinition.cpp">
      <Filter>Physics\Particles</Filter>
    </ClCompile>
    <ClCompile Include="Physics\Particles\ParticleEmitter.cpp">
      <Filter>Physics\Particles</Filter>
    </ClCompile>
    <ClCompile Include="Physics\Particles\ParticleEffect.cpp">
      <Filter>Physics\Particles</Filter>
    </ClCompile>
    <ClCompile Include="Game\GameSettings.cpp">
      <Filter>Game</Filter>
    </ClCompile>
    <ClCompile Include="Core\App.cpp">
      <Filter>Core</Filter>
    </ClCompile>
    <ClCompile Include="Core\EngineCommon.cpp">
      <Filter>Core</Filter>
    </ClCompile>
    <ClCompile Include="Game\GameBase.cpp">
      <Filter>Game</Filter>
    </ClCompile>
    <ClCompile Include="Core\EngineConfig.cpp">
      <Filter>Core</Filter>
    </ClCompile>
    <ClCompile Include="Audio\Audio3DEmitter.cpp">
      <Filter>Audio</Filter>
    </ClCompile>
    <ClCompile Include="Audio\Audio3DListener.cpp">
      <Filter>Audio</Filter>
    </ClCompile>
    <ClCompile Include="Audio\Audio3DCone.cpp">
      <Filter>Audio</Filter>
    </ClCompile>
    <ClCompile Include="Audio\XAudio.cpp">
      <Filter>Audio</Filter>
    </ClCompile>
    <ClCompile Include="Scene\Scene.cpp">
      <Filter>Scene</Filter>
    </ClCompile>
    <ClCompile Include="Platform\Win.cpp">
      <Filter>Platform</Filter>
    </ClCompile>
    <ClCompile Include="Scene\Entity.cpp">
      <Filter>Scene</Filter>
    </ClCompile>
    <ClCompile Include="Scene\ECS.cpp">
      <Filter>Scene</Filter>
    </ClCompile>
    <ClCompile Include="Scene\Components.cpp">
      <Filter>Scene</Filter>
    </ClCompile>
    <ClCompile Include="Scene\World.cpp">
      <Filter>Scene</Filter>
    </ClCompile>
    <ClCompile Include="Core\UUID.cpp">
      <Filter>Core</Filter>
    </ClCompile>
    <ClCompile Include="Renderer\FrameBuffer.cpp">
      <Filter>Renderer\Core</Filter>
    </ClCompile>
    <ClCompile Include="Platform\DirectX\DirectX11FrameBuffer.cpp">
      <Filter>Platform\DirectX</Filter>
    </ClCompile>
    <ClCompile Include="Renderer\VertexCircleBuffer.cpp">
      <Filter>Renderer\Core</Filter>
    </ClCompile>
    <ClCompile Include="Platform\Windows\WindowsWindow.cpp">
      <Filter>Platform\Windows</Filter>
    </ClCompile>
    <ClCompile Include="Core\WebP.cpp">
      <Filter>Core</Filter>
    </ClCompile>
    <ClCompile Include="Physics\WindForceGenerator.cpp">
      <Filter>Physics</Filter>
    </ClCompile>
    <ClCompile Include="Services\IService.cpp">
      <Filter>Services</Filter>
    </ClCompile>
    <ClCompile Include="Renderer\RendererTypes.cpp">
      <Filter>Renderer\Core</Filter>
    </ClCompile>
    <ClCompile Include="Profiling\Instrumentor.cpp">
      <Filter>Profiling</Filter>
    </ClCompile>
    <ClCompile Include="Renderer\Flipbook.cpp">
      <Filter>Renderer\Core</Filter>
    </ClCompile>
    <ClCompile Include="Core\Gif.cpp">
      <Filter>Core</Filter>
    </ClCompile>
    <ClCompile Include="Core\WebM.cpp">
      <Filter>Core</Filter>
    </ClCompile>
    <ClCompile Include="Video\VideoSystem.cpp">
      <Filter>Video</Filter>
    </ClCompile>
    <ClCompile Include="RHI\RHIVideoContext.cpp">
      <Filter>RHI</Filter>
    </ClCompile>
    <ClCompile Include="RHI\RHIVideoDevice.cpp">
      <Filter>RHI</Filter>
    </ClCompile>
    <ClCompile Include="RHI\RHIVideoDecoder.cpp">
      <Filter>RHI</Filter>
    </ClCompile>
    <ClCompile Include="System\Process.cpp">
      <Filter>System</Filter>
    </ClCompile>
    <ClCompile Include="..\Thirdparty\clay\clay.cpp">
      <Filter>Thirdparty\clay</Filter>
    </ClCompile>
    <ClCompile Include="UI\DearImgui.cpp">
      <Filter>UI</Filter>
    </ClCompile>
    <ClCompile Include="UI\ClayUI.cpp">
      <Filter>UI</Filter>
    </ClCompile>
    <ClCompile Include="..\Thirdparty\Tracy\TracyClient.cpp">
      <Filter>Thirdparty\Tracy</Filter>
    </ClCompile>
    <ClCompile Include="Core\Font.cpp">
      <Filter>Core</Filter>
    </ClCompile>
    <ClCompile Include="..\Thirdparty\zlib\unzip.c">
      <Filter>Thirdparty\zlib</Filter>
    </ClCompile>
    <ClCompile Include="..\Thirdparty\zlib\zip.c">
      <Filter>Thirdparty\zlib</Filter>
    </ClCompile>
    <ClCompile Include="..\Thirdparty\zlib\ioapi.c">
      <Filter>Thirdparty\zlib</Filter>
    </ClCompile>
    <ClCompile Include="..\Thirdparty\zlib\iowin32.c">
      <Filter>Thirdparty\zlib</Filter>
    </ClCompile>
  </ItemGroup>
  <ItemGroup>
    <ClInclude Include="Math\Vector2.hpp">
      <Filter>Math</Filter>
    </ClInclude>
    <ClInclude Include="Math\MathUtils.hpp">
      <Filter>Math</Filter>
    </ClInclude>
    <ClInclude Include="Math\Vector3.hpp">
      <Filter>Math</Filter>
    </ClInclude>
    <ClInclude Include="Math\Vector4.hpp">
      <Filter>Math</Filter>
    </ClInclude>
    <ClInclude Include="Math\IntVector2.hpp">
      <Filter>Math</Filter>
    </ClInclude>
    <ClInclude Include="Math\IntVector3.hpp">
      <Filter>Math</Filter>
    </ClInclude>
    <ClInclude Include="Math\IntVector4.hpp">
      <Filter>Math</Filter>
    </ClInclude>
    <ClInclude Include="Math\Noise.hpp">
      <Filter>Math</Filter>
    </ClInclude>
    <ClInclude Include="Math\AABB2.hpp">
      <Filter>Math</Filter>
    </ClInclude>
    <ClInclude Include="Math\AABB3.hpp">
      <Filter>Math</Filter>
    </ClInclude>
    <ClInclude Include="Math\Disc2.hpp">
      <Filter>Math</Filter>
    </ClInclude>
    <ClInclude Include="Math\LineSegment2.hpp">
      <Filter>Math</Filter>
    </ClInclude>
    <ClInclude Include="Math\Capsule2.hpp">
      <Filter>Math</Filter>
    </ClInclude>
    <ClInclude Include="Math\LineSegment3.hpp">
      <Filter>Math</Filter>
    </ClInclude>
    <ClInclude Include="Math\Sphere3.hpp">
      <Filter>Math</Filter>
    </ClInclude>
    <ClInclude Include="Math\Capsule3.hpp">
      <Filter>Math</Filter>
    </ClInclude>
    <ClInclude Include="Math\Plane2.hpp">
      <Filter>Math</Filter>
    </ClInclude>
    <ClInclude Include="Math\Plane3.hpp">
      <Filter>Math</Filter>
    </ClInclude>
    <ClInclude Include="Math\Quaternion.hpp">
      <Filter>Math</Filter>
    </ClInclude>
    <ClInclude Include="Math\Matrix4.hpp">
      <Filter>Math</Filter>
    </ClInclude>
    <ClInclude Include="Core\StringUtils.hpp">
      <Filter>Core</Filter>
    </ClInclude>
    <ClInclude Include="Core\TimeUtils.hpp">
      <Filter>Core</Filter>
    </ClInclude>
    <ClInclude Include="Core\Rgba.hpp">
      <Filter>Core</Filter>
    </ClInclude>
    <ClInclude Include="RHI\RHI.hpp">
      <Filter>RHI</Filter>
    </ClInclude>
    <ClInclude Include="RHI\RHIDevice.hpp">
      <Filter>RHI</Filter>
    </ClInclude>
    <ClInclude Include="RHI\RHIDeviceContext.hpp">
      <Filter>RHI</Filter>
    </ClInclude>
    <ClInclude Include="RHI\RHIOutput.hpp">
      <Filter>RHI</Filter>
    </ClInclude>
    <ClInclude Include="Renderer\Renderer.hpp">
      <Filter>Renderer\Core</Filter>
    </ClInclude>
    <ClInclude Include="Renderer\Window.hpp">
      <Filter>Renderer\Core</Filter>
    </ClInclude>
    <ClInclude Include="RHI\RHIInstance.hpp">
      <Filter>RHI</Filter>
    </ClInclude>
    <ClInclude Include="Renderer\DirectX\DX11.hpp">
      <Filter>Renderer\DirectX</Filter>
    </ClInclude>
    <ClInclude Include="Core\EngineBase.hpp">
      <Filter>Core</Filter>
    </ClInclude>
    <ClInclude Include="RHI\RHITypes.hpp">
      <Filter>RHI</Filter>
    </ClInclude>
    <ClInclude Include="Core\ErrorWarningAssert.hpp">
      <Filter>Core</Filter>
    </ClInclude>
    <ClInclude Include="Renderer\Texture2D.hpp">
      <Filter>Renderer\Core</Filter>
    </ClInclude>
    <ClInclude Include="Renderer\Texture.hpp">
      <Filter>Renderer\Core</Filter>
    </ClInclude>
    <ClInclude Include="Core\DataUtils.hpp">
      <Filter>Core</Filter>
    </ClInclude>
    <ClInclude Include="Core\Image.hpp">
      <Filter>Core</Filter>
    </ClInclude>
    <ClInclude Include="Input\XboxController.hpp">
      <Filter>Input</Filter>
    </ClInclude>
    <ClInclude Include="Input\InputSystem.hpp">
      <Filter>Input</Filter>
    </ClInclude>
    <ClInclude Include="Core\EngineSubsystem.hpp">
      <Filter>Core</Filter>
    </ClInclude>
    <ClInclude Include="Core\FileUtils.hpp">
      <Filter>Core</Filter>
    </ClInclude>
    <ClInclude Include="Renderer\DepthStencilState.hpp">
      <Filter>Renderer\Core</Filter>
    </ClInclude>
    <ClInclude Include="Renderer\Texture1D.hpp">
      <Filter>Renderer\Core</Filter>
    </ClInclude>
    <ClInclude Include="Renderer\Texture3D.hpp">
      <Filter>Renderer\Core</Filter>
    </ClInclude>
    <ClInclude Include="Renderer\VertexBuffer.hpp">
      <Filter>Renderer\Core</Filter>
    </ClInclude>
    <ClInclude Include="Renderer\Buffer.hpp">
      <Filter>Renderer\Core</Filter>
    </ClInclude>
    <ClInclude Include="Renderer\ArrayBuffer.hpp">
      <Filter>Renderer\Core</Filter>
    </ClInclude>
    <ClInclude Include="Renderer\IndexBuffer.hpp">
      <Filter>Renderer\Core</Filter>
    </ClInclude>
    <ClInclude Include="Renderer\ConstantBuffer.hpp">
      <Filter>Renderer\Core</Filter>
    </ClInclude>
    <ClInclude Include="Renderer\StructuredBuffer.hpp">
      <Filter>Renderer\Core</Filter>
    </ClInclude>
    <ClInclude Include="Renderer\InputLayout.hpp">
      <Filter>Renderer\Core</Filter>
    </ClInclude>
    <ClInclude Include="Renderer\ShaderProgram.hpp">
      <Filter>Renderer\Core</Filter>
    </ClInclude>
    <ClInclude Include="Renderer\Material.hpp">
      <Filter>Renderer\Core</Filter>
    </ClInclude>
    <ClInclude Include="Renderer\Shader.hpp">
      <Filter>Renderer\Core</Filter>
    </ClInclude>
    <ClInclude Include="Renderer\BlendState.hpp">
      <Filter>Renderer\Core</Filter>
    </ClInclude>
    <ClInclude Include="Renderer\RasterState.hpp">
      <Filter>Renderer\Core</Filter>
    </ClInclude>
    <ClInclude Include="Renderer\Sampler.hpp">
      <Filter>Renderer\Core</Filter>
    </ClInclude>
    <ClInclude Include="Renderer\Camera3D.hpp">
      <Filter>Renderer\Core</Filter>
    </ClInclude>
    <ClInclude Include="Renderer\Camera2D.hpp">
      <Filter>Renderer\Core</Filter>
    </ClInclude>
    <ClInclude Include="Core\FileLogger.hpp">
      <Filter>Core</Filter>
    </ClInclude>
    <ClInclude Include="Core\ThreadSafeQueue.hpp">
      <Filter>Core</Filter>
    </ClInclude>
    <ClInclude Include="Renderer\SpriteSheet.hpp">
      <Filter>Renderer\Core</Filter>
    </ClInclude>
    <ClInclude Include="Core\KerningFont.hpp">
      <Filter>Core</Filter>
    </ClInclude>
    <ClInclude Include="Core\Console.hpp">
      <Filter>Core</Filter>
    </ClInclude>
    <ClInclude Include="Core\ArgumentParser.hpp">
      <Filter>Core</Filter>
    </ClInclude>
    <ClInclude Include="Renderer\TextureArray2D.hpp">
      <Filter>Renderer\Core</Filter>
    </ClInclude>
    <ClInclude Include="Renderer\AnimatedSprite.hpp">
      <Filter>Renderer\Core</Filter>
    </ClInclude>
    <ClInclude Include="Audio\AudioSystem.hpp">
      <Filter>Audio</Filter>
    </ClInclude>
    <ClInclude Include="Core\Riff.hpp">
      <Filter>Core</Filter>
    </ClInclude>
    <ClInclude Include="Audio\Wav.hpp">
      <Filter>Audio</Filter>
    </ClInclude>
    <ClInclude Include="Core\JobSystem.hpp">
      <Filter>Core</Filter>
    </ClInclude>
    <ClInclude Include="Core\Config.hpp">
      <Filter>Core</Filter>
    </ClInclude>
    <ClInclude Include="Core\Event.hpp">
      <Filter>Core</Filter>
    </ClInclude>
    <ClInclude Include="Core\Stopwatch.hpp">
      <Filter>Core</Filter>
    </ClInclude>
    <ClInclude Include="Math\Frustum.hpp">
      <Filter>Math</Filter>
    </ClInclude>
    <ClInclude Include="Networking\Address.hpp">
      <Filter>Networking</Filter>
    </ClInclude>
    <ClInclude Include="Networking\NetUtils.hpp">
      <Filter>Networking</Filter>
    </ClInclude>
    <ClInclude Include="Renderer\Model.hpp">
      <Filter>Renderer\Core</Filter>
    </ClInclude>
    <ClInclude Include="Core\Obj.hpp">
      <Filter>Core</Filter>
    </ClInclude>
    <ClInclude Include="Core\KeyValueParser.hpp">
      <Filter>Core</Filter>
    </ClInclude>
    <ClInclude Include="Profiling\ProfileLogScope.hpp">
      <Filter>Profiling</Filter>
    </ClInclude>
    <ClInclude Include="Profiling\StackTrace.hpp">
      <Filter>Profiling</Filter>
    </ClInclude>
    <ClInclude Include="Core\Base64.hpp">
      <Filter>Core</Filter>
    </ClInclude>
    <ClInclude Include="System\Cpu.hpp">
      <Filter>System</Filter>
    </ClInclude>
    <ClInclude Include="System\Ram.hpp">
      <Filter>System</Filter>
    </ClInclude>
    <ClInclude Include="System\System.hpp">
      <Filter>System</Filter>
    </ClInclude>
    <ClInclude Include="Profiling\AllocationTracker.hpp">
      <Filter>Profiling</Filter>
    </ClInclude>
    <ClInclude Include="Memory\MemoryPool.hpp">
      <Filter>Memory</Filter>
    </ClInclude>
    <ClInclude Include="Renderer\RenderTargetStack.hpp">
      <Filter>Renderer\Core</Filter>
    </ClInclude>
    <ClInclude Include="Math\OBB2.hpp">
      <Filter>Math</Filter>
    </ClInclude>
    <ClInclude Include="RHI\RHIFactory.hpp">
      <Filter>RHI</Filter>
    </ClInclude>
    <ClInclude Include="..\Thirdparty\ImGui\imgui.h">
      <Filter>Thirdparty\ImGui</Filter>
    </ClInclude>
    <ClInclude Include="..\Thirdparty\ImGui\imconfig.h">
      <Filter>Thirdparty\ImGui</Filter>
    </ClInclude>
    <ClInclude Include="..\Thirdparty\ImGui\imgui_internal.h">
      <Filter>Thirdparty\ImGui</Filter>
    </ClInclude>
    <ClInclude Include="..\Thirdparty\ImGui\imstb_rectpack.h">
      <Filter>Thirdparty\ImGui</Filter>
    </ClInclude>
    <ClInclude Include="..\Thirdparty\ImGui\imstb_textedit.h">
      <Filter>Thirdparty\ImGui</Filter>
    </ClInclude>
    <ClInclude Include="..\Thirdparty\ImGui\imstb_truetype.h">
      <Filter>Thirdparty\ImGui</Filter>
    </ClInclude>
    <ClInclude Include="..\Thirdparty\stb\stb_image.h">
      <Filter>Thirdparty\STB</Filter>
    </ClInclude>
    <ClInclude Include="..\Thirdparty\stb\stb_image_write.h">
      <Filter>Thirdparty\STB</Filter>
    </ClInclude>
    <ClInclude Include="..\Thirdparty\nlohmann\json\json.hpp">
      <Filter>Thirdparty\JSON</Filter>
    </ClInclude>
    <ClInclude Include="..\Thirdparty\TinyXML2\tinyxml2.h">
      <Filter>Thirdparty\TinyXML</Filter>
    </ClInclude>
    <ClInclude Include="UI\UISystem.hpp">
      <Filter>UI</Filter>
    </ClInclude>
    <ClInclude Include="..\Thirdparty\Imgui\imgui_impl_dx11.h">
      <Filter>Thirdparty\ImGui</Filter>
    </ClInclude>
    <ClInclude Include="..\Thirdparty\Imgui\imgui_impl_win32.h">
      <Filter>Thirdparty\ImGui</Filter>
    </ClInclude>
    <ClInclude Include="..\Thirdparty\Imgui\imgui_stdlib.h">
      <Filter>Thirdparty\ImGui</Filter>
    </ClInclude>
    <ClInclude Include="System\OS.hpp">
      <Filter>System</Filter>
    </ClInclude>
    <ClInclude Include="Core\Clipboard.hpp">
      <Filter>Core</Filter>
    </ClInclude>
    <ClInclude Include="Renderer\Mesh.hpp">
      <Filter>Renderer\Core</Filter>
    </ClInclude>
    <ClInclude Include="Core\ThreadUtils.hpp">
      <Filter>Core</Filter>
    </ClInclude>
    <ClInclude Include="Physics\PhysicsSystem.hpp">
      <Filter>Physics</Filter>
    </ClInclude>
    <ClInclude Include="Math\Polygon2.hpp">
      <Filter>Math</Filter>
    </ClInclude>
    <ClInclude Include="Physics\QuadTree.hpp">
      <Filter>Physics</Filter>
    </ClInclude>
    <ClInclude Include="Math\Ray2.hpp">
      <Filter>Math</Filter>
    </ClInclude>
    <ClInclude Include="Math\Ray3.hpp">
      <Filter>Math</Filter>
    </ClInclude>
    <ClInclude Include="Renderer\Camera.hpp">
      <Filter>Renderer\Core</Filter>
    </ClInclude>
    <ClInclude Include="Renderer\InputLayoutInstanced.hpp">
      <Filter>Renderer\Core</Filter>
    </ClInclude>
    <ClInclude Include="Core\OrthographicCameraController.hpp">
      <Filter>Core</Filter>
    </ClInclude>
    <ClInclude Include="Core\TypeUtils.hpp">
      <Filter>Core</Filter>
    </ClInclude>
    <ClInclude Include="Core\Utilities.hpp">
      <Filter>Core</Filter>
    </ClInclude>
    <ClInclude Include="..\Thirdparty\EnTT\EnTT.hpp">
      <Filter>Thirdparty\EnTT</Filter>
    </ClInclude>
    <ClInclude Include="Physics\RigidBody.hpp">
      <Filter>Physics</Filter>
    </ClInclude>
    <ClInclude Include="Physics\PhysicsTypes.hpp">
      <Filter>Physics</Filter>
    </ClInclude>
    <ClInclude Include="Physics\Collider.hpp">
      <Filter>Physics</Filter>
    </ClInclude>
    <ClInclude Include="Physics\PhysicsUtils.hpp">
      <Filter>Physics</Filter>
    </ClInclude>
    <ClInclude Include="Physics\GravityForceGenerator.hpp">
      <Filter>Physics</Filter>
    </ClInclude>
    <ClInclude Include="Physics\ForceGenerator.hpp">
      <Filter>Physics</Filter>
    </ClInclude>
    <ClInclude Include="Physics\DragForceGenerator.hpp">
      <Filter>Physics</Filter>
    </ClInclude>
    <ClInclude Include="Physics\Joint.hpp">
      <Filter>Physics</Filter>
    </ClInclude>
    <ClInclude Include="Physics\SpringJoint.hpp">
      <Filter>Physics</Filter>
    </ClInclude>
    <ClInclude Include="Physics\RodJoint.hpp">
      <Filter>Physics</Filter>
    </ClInclude>
    <ClInclude Include="Physics\CableJoint.hpp">
      <Filter>Physics</Filter>
    </ClInclude>
    <ClInclude Include="Core\MtlReader.hpp">
      <Filter>Core</Filter>
    </ClInclude>
    <ClInclude Include="Math\Rotator.hpp">
      <Filter>Math</Filter>
    </ClInclude>
    <ClInclude Include="Services\IAudioService.hpp">
      <Filter>Services</Filter>
    </ClInclude>
    <ClInclude Include="Services\ServiceLocator.hpp">
      <Filter>Services</Filter>
    </ClInclude>
    <ClInclude Include="Services\IService.hpp">
      <Filter>Services</Filter>
    </ClInclude>
    <ClInclude Include="Services\IFileLoggerService.hpp">
      <Filter>Services</Filter>
    </ClInclude>
    <ClInclude Include="Services\IJobSystemService.hpp">
      <Filter>Services</Filter>
    </ClInclude>
    <ClInclude Include="Core\JobTypes.hpp">
      <Filter>Core</Filter>
    </ClInclude>
    <ClInclude Include="Services\IConfigService.hpp">
      <Filter>Services</Filter>
    </ClInclude>
    <ClInclude Include="Services\IInputService.hpp">
      <Filter>Services</Filter>
    </ClInclude>
    <ClInclude Include="Input\KeyCode.hpp">
      <Filter>Input</Filter>
    </ClInclude>
    <ClInclude Include="Services\IRendererService.hpp">
      <Filter>Services</Filter>
    </ClInclude>
    <ClInclude Include="Renderer\DrawInstruction.hpp">
      <Filter>Renderer\Core</Filter>
    </ClInclude>
    <ClInclude Include="Renderer\VertexBufferInstanced.hpp">
      <Filter>Renderer\Core</Filter>
    </ClInclude>
    <ClInclude Include="Renderer\Vertex3D.hpp">
      <Filter>Renderer\Core</Filter>
    </ClInclude>
    <ClInclude Include="Renderer\Vertex3DInstanced.hpp">
      <Filter>Renderer\Core</Filter>
    </ClInclude>
    <ClInclude Include="Renderer\MeshInstanced.hpp">
      <Filter>Renderer\Core</Filter>
    </ClInclude>
    <ClInclude Include="Physics\Particles\Particle.hpp">
      <Filter>Physics\Particles</Filter>
    </ClInclude>
    <ClInclude Include="Physics\Particles\ParticleSystem.hpp">
      <Filter>Physics\Particles</Filter>
    </ClInclude>
    <ClInclude Include="Physics\Particles\ParticleEffectDefinition.hpp">
      <Filter>Physics\Particles</Filter>
    </ClInclude>
    <ClInclude Include="Physics\Particles\ParticleEmitterDefinition.hpp">
      <Filter>Physics\Particles</Filter>
    </ClInclude>
    <ClInclude Include="Physics\Particles\ParticleEmitter.hpp">
      <Filter>Physics\Particles</Filter>
    </ClInclude>
    <ClInclude Include="Physics\Particles\ParticleEffect.hpp">
      <Filter>Physics\Particles</Filter>
    </ClInclude>
    <ClInclude Include="Game\GameSettings.hpp">
      <Filter>Game</Filter>
    </ClInclude>
    <ClInclude Include="Core\App.hpp">
      <Filter>Core</Filter>
    </ClInclude>
    <ClInclude Include="Core\EngineCommon.hpp">
      <Filter>Core</Filter>
    </ClInclude>
    <ClInclude Include="Services\IAppService.hpp">
      <Filter>Services</Filter>
    </ClInclude>
    <ClInclude Include="Services\IConsoleService.hpp">
      <Filter>Services</Filter>
    </ClInclude>
    <ClInclude Include="Game\GameBase.hpp">
      <Filter>Game</Filter>
    </ClInclude>
    <ClInclude Include="Core\EngineConfig.hpp">
      <Filter>Core</Filter>
    </ClInclude>
    <ClInclude Include="Services\IPhysicsService.hpp">
      <Filter>Services</Filter>
    </ClInclude>
    <ClInclude Include="Audio\Audio3DEmitter.hpp">
      <Filter>Audio</Filter>
    </ClInclude>
    <ClInclude Include="Audio\Audio3DListener.hpp">
      <Filter>Audio</Filter>
    </ClInclude>
    <ClInclude Include="Audio\Audio3DCone.hpp">
      <Filter>Audio</Filter>
    </ClInclude>
    <ClInclude Include="Audio\XAudio.hpp">
      <Filter>Audio</Filter>
    </ClInclude>
    <ClInclude Include="Scene\Scene.hpp">
      <Filter>Scene</Filter>
    </ClInclude>
    <ClInclude Include="Platform\Win.hpp">
      <Filter>Platform</Filter>
    </ClInclude>
    <ClInclude Include="Scene\Entity.hpp">
      <Filter>Scene</Filter>
    </ClInclude>
    <ClInclude Include="Scene\ECS.hpp">
      <Filter>Scene</Filter>
    </ClInclude>
    <ClInclude Include="Scene\Components.hpp">
      <Filter>Scene</Filter>
    </ClInclude>
    <ClInclude Include="Scene\World.hpp">
      <Filter>Scene</Filter>
    </ClInclude>
    <ClInclude Include="Core\UUID.hpp">
      <Filter>Core</Filter>
    </ClInclude>
    <ClInclude Include="Platform\PlatformUtils.hpp">
      <Filter>Platform</Filter>
    </ClInclude>
    <ClInclude Include="Renderer\FrameBuffer.hpp">
      <Filter>Renderer\Core</Filter>
    </ClInclude>
    <ClInclude Include="Platform\DirectX\DirectX11FrameBuffer.hpp">
      <Filter>Platform\DirectX</Filter>
    </ClInclude>
    <ClInclude Include="Renderer\Vertex2D.hpp">
      <Filter>Renderer\Core</Filter>
    </ClInclude>
    <ClInclude Include="Renderer\VertexCircle2D.hpp">
      <Filter>Renderer\Core</Filter>
    </ClInclude>
    <ClInclude Include="Renderer\VertexCircleBuffer.hpp">
      <Filter>Renderer\Core</Filter>
    </ClInclude>
    <ClInclude Include="Platform\Windows\WindowsWindow.hpp">
      <Filter>Platform\Windows</Filter>
    </ClInclude>
    <ClInclude Include="..\Thirdparty\webp\decode.h">
      <Filter>Thirdparty\Webp</Filter>
    </ClInclude>
    <ClInclude Include="..\Thirdparty\webp\demux.h">
      <Filter>Thirdparty\Webp</Filter>
    </ClInclude>
    <ClInclude Include="..\Thirdparty\webp\encode.h">
      <Filter>Thirdparty\Webp</Filter>
    </ClInclude>
    <ClInclude Include="..\Thirdparty\webp\mux.h">
      <Filter>Thirdparty\Webp</Filter>
    </ClInclude>
    <ClInclude Include="..\Thirdparty\webp\mux_types.h">
      <Filter>Thirdparty\Webp</Filter>
    </ClInclude>
    <ClInclude Include="..\Thirdparty\webp\types.h">
      <Filter>Thirdparty\Webp</Filter>
    </ClInclude>
    <ClInclude Include="Core\WebP.hpp">
      <Filter>Core</Filter>
    </ClInclude>
    <ClInclude Include="Physics\WindForceGenerator.hpp">
      <Filter>Physics</Filter>
    </ClInclude>
    <ClInclude Include="Renderer\RendererTypes.hpp">
      <Filter>Renderer\Core</Filter>
    </ClInclude>
    <ClInclude Include="Profiling\Instrumentor.hpp">
      <Filter>Profiling</Filter>
    </ClInclude>
    <ClInclude Include="Renderer\Flipbook.hpp">
      <Filter>Renderer\Core</Filter>
    </ClInclude>
    <ClInclude Include="Core\Gif.hpp">
      <Filter>Core</Filter>
    </ClInclude>
    <ClInclude Include="..\Thirdparty\webm\hdr_util.hpp">
      <Filter>Thirdparty\Webm</Filter>
    </ClInclude>
    <ClInclude Include="..\Thirdparty\webm\mkvmuxer.hpp">
      <Filter>Thirdparty\Webm</Filter>
    </ClInclude>
    <ClInclude Include="..\Thirdparty\webm\mkvmuxertypes.hpp">
      <Filter>Thirdparty\Webm</Filter>
    </ClInclude>
    <ClInclude Include="..\Thirdparty\webm\mkvmuxerutil.hpp">
      <Filter>Thirdparty\Webm</Filter>
    </ClInclude>
    <ClInclude Include="..\Thirdparty\webm\mkvparser.hpp">
      <Filter>Thirdparty\Webm</Filter>
    </ClInclude>
    <ClInclude Include="..\Thirdparty\webm\mkvreader.hpp">
      <Filter>Thirdparty\Webm</Filter>
    </ClInclude>
    <ClInclude Include="..\Thirdparty\webm\mkvwriter.hpp">
      <Filter>Thirdparty\Webm</Filter>
    </ClInclude>
    <ClInclude Include="..\Thirdparty\webm\sample_muxer_metadata.h">
      <Filter>Thirdparty\Webm</Filter>
    </ClInclude>
    <ClInclude Include="..\Thirdparty\webm\vttreader.h">
      <Filter>Thirdparty\Webm</Filter>
    </ClInclude>
    <ClInclude Include="..\Thirdparty\webm\webmids.hpp">
      <Filter>Thirdparty\Webm</Filter>
    </ClInclude>
    <ClInclude Include="..\Thirdparty\webm\webvttparser.h">
      <Filter>Thirdparty\Webm</Filter>
    </ClInclude>
    <ClInclude Include="..\Thirdparty\webm\common\file_util.h">
      <Filter>Thirdparty\Webm\common</Filter>
    </ClInclude>
    <ClInclude Include="..\Thirdparty\webm\common\hdr_util.h">
      <Filter>Thirdparty\Webm\common</Filter>
    </ClInclude>
    <ClInclude Include="..\Thirdparty\webm\common\indent.h">
      <Filter>Thirdparty\Webm\common</Filter>
    </ClInclude>
    <ClInclude Include="..\Thirdparty\webm\common\libwebm_util.h">
      <Filter>Thirdparty\Webm\common</Filter>
    </ClInclude>
    <ClInclude Include="..\Thirdparty\webm\common\video_frame.h">
      <Filter>Thirdparty\Webm\common</Filter>
    </ClInclude>
    <ClInclude Include="..\Thirdparty\webm\common\vp9_header_parser.h">
      <Filter>Thirdparty\Webm\common</Filter>
    </ClInclude>
    <ClInclude Include="..\Thirdparty\webm\common\vp9_level_stats.h">
      <Filter>Thirdparty\Webm\common</Filter>
    </ClInclude>
    <ClInclude Include="..\Thirdparty\webm\common\webm_constants.h">
      <Filter>Thirdparty\Webm\common</Filter>
    </ClInclude>
    <ClInclude Include="..\Thirdparty\webm\common\webm_endian.h">
      <Filter>Thirdparty\Webm\common</Filter>
    </ClInclude>
    <ClInclude Include="..\Thirdparty\webm\common\webmids.h">
      <Filter>Thirdparty\Webm\common</Filter>
    </ClInclude>
    <ClInclude Include="..\Thirdparty\webm\m2ts\vpxpes_parser.h">
      <Filter>Thirdparty\Webm\m2ts</Filter>
    </ClInclude>
    <ClInclude Include="..\Thirdparty\webm\m2ts\vpxpes2ts.h">
      <Filter>Thirdparty\Webm\m2ts</Filter>
    </ClInclude>
    <ClInclude Include="..\Thirdparty\webm\m2ts\webm2pes.h">
      <Filter>Thirdparty\Webm\m2ts</Filter>
    </ClInclude>
    <ClInclude Include="..\Thirdparty\webm\mkvmuxer\mkvmuxer.h">
      <Filter>Thirdparty\Webm\mkvmuxer</Filter>
    </ClInclude>
    <ClInclude Include="..\Thirdparty\webm\mkvmuxer\mkvmuxertypes.h">
      <Filter>Thirdparty\Webm\mkvmuxer</Filter>
    </ClInclude>
    <ClInclude Include="..\Thirdparty\webm\mkvmuxer\mkvmuxerutil.h">
      <Filter>Thirdparty\Webm\mkvmuxer</Filter>
    </ClInclude>
    <ClInclude Include="..\Thirdparty\webm\mkvmuxer\mkvwriter.h">
      <Filter>Thirdparty\Webm\mkvmuxer</Filter>
    </ClInclude>
    <ClInclude Include="..\Thirdparty\webm\mkvparser\mkvparser.h">
      <Filter>Thirdparty\Webm\mkvparser</Filter>
    </ClInclude>
    <ClInclude Include="..\Thirdparty\webm\mkvparser\mkvreader.h">
      <Filter>Thirdparty\Webm\mkvparser</Filter>
    </ClInclude>
    <ClInclude Include="..\Thirdparty\webm\webvtt\vttreader.h">
      <Filter>Thirdparty\Webm\webvtt</Filter>
    </ClInclude>
    <ClInclude Include="..\Thirdparty\webm\webvtt\webvttparser.h">
      <Filter>Thirdparty\Webm\webvtt</Filter>
    </ClInclude>
    <ClInclude Include="..\Thirdparty\webm\webm_parser\src\ancestory.h">
      <Filter>Thirdparty\Webm\webm_parser\src</Filter>
    </ClInclude>
    <ClInclude Include="..\Thirdparty\webm\webm_parser\src\audio_parser.h">
      <Filter>Thirdparty\Webm\webm_parser\src</Filter>
    </ClInclude>
    <ClInclude Include="..\Thirdparty\webm\webm_parser\src\bit_utils.h">
      <Filter>Thirdparty\Webm\webm_parser\src</Filter>
    </ClInclude>
    <ClInclude Include="..\Thirdparty\webm\webm_parser\src\block_additions_parser.h">
      <Filter>Thirdparty\Webm\webm_parser\src</Filter>
    </ClInclude>
    <ClInclude Include="..\Thirdparty\webm\webm_parser\src\block_group_parser.h">
      <Filter>Thirdparty\Webm\webm_parser\src</Filter>
    </ClInclude>
    <ClInclude Include="..\Thirdparty\webm\webm_parser\src\block_header_parser.h">
      <Filter>Thirdparty\Webm\webm_parser\src</Filter>
    </ClInclude>
    <ClInclude Include="..\Thirdparty\webm\webm_parser\src\block_more_parser.h">
      <Filter>Thirdparty\Webm\webm_parser\src</Filter>
    </ClInclude>
    <ClInclude Include="..\Thirdparty\webm\webm_parser\src\block_parser.h">
      <Filter>Thirdparty\Webm\webm_parser\src</Filter>
    </ClInclude>
    <ClInclude Include="..\Thirdparty\webm\webm_parser\src\bool_parser.h">
      <Filter>Thirdparty\Webm\webm_parser\src</Filter>
    </ClInclude>
    <ClInclude Include="..\Thirdparty\webm\webm_parser\src\byte_parser.h">
      <Filter>Thirdparty\Webm\webm_parser\src</Filter>
    </ClInclude>
    <ClInclude Include="..\Thirdparty\webm\webm_parser\src\chapter_atom_parser.h">
      <Filter>Thirdparty\Webm\webm_parser\src</Filter>
    </ClInclude>
    <ClInclude Include="..\Thirdparty\webm\webm_parser\src\chapter_display_parser.h">
      <Filter>Thirdparty\Webm\webm_parser\src</Filter>
    </ClInclude>
    <ClInclude Include="..\Thirdparty\webm\webm_parser\src\chapters_parser.h">
      <Filter>Thirdparty\Webm\webm_parser\src</Filter>
    </ClInclude>
    <ClInclude Include="..\Thirdparty\webm\webm_parser\src\cluster_parser.h">
      <Filter>Thirdparty\Webm\webm_parser\src</Filter>
    </ClInclude>
    <ClInclude Include="..\Thirdparty\webm\webm_parser\src\colour_parser.h">
      <Filter>Thirdparty\Webm\webm_parser\src</Filter>
    </ClInclude>
    <ClInclude Include="..\Thirdparty\webm\webm_parser\src\content_enc_aes_settings_parser.h">
      <Filter>Thirdparty\Webm\webm_parser\src</Filter>
    </ClInclude>
    <ClInclude Include="..\Thirdparty\webm\webm_parser\src\content_encoding_parser.h">
      <Filter>Thirdparty\Webm\webm_parser\src</Filter>
    </ClInclude>
    <ClInclude Include="..\Thirdparty\webm\webm_parser\src\content_encodings_parser.h">
      <Filter>Thirdparty\Webm\webm_parser\src</Filter>
    </ClInclude>
    <ClInclude Include="..\Thirdparty\webm\webm_parser\src\content_encryption_parser.h">
      <Filter>Thirdparty\Webm\webm_parser\src</Filter>
    </ClInclude>
    <ClInclude Include="..\Thirdparty\webm\webm_parser\src\cue_point_parser.h">
      <Filter>Thirdparty\Webm\webm_parser\src</Filter>
    </ClInclude>
    <ClInclude Include="..\Thirdparty\webm\webm_parser\src\cue_track_positions_parser.h">
      <Filter>Thirdparty\Webm\webm_parser\src</Filter>
    </ClInclude>
    <ClInclude Include="..\Thirdparty\webm\webm_parser\src\cues_parser.h">
      <Filter>Thirdparty\Webm\webm_parser\src</Filter>
    </ClInclude>
    <ClInclude Include="..\Thirdparty\webm\webm_parser\src\date_parser.h">
      <Filter>Thirdparty\Webm\webm_parser\src</Filter>
    </ClInclude>
    <ClInclude Include="..\Thirdparty\webm\webm_parser\src\ebml_parser.h">
      <Filter>Thirdparty\Webm\webm_parser\src</Filter>
    </ClInclude>
    <ClInclude Include="..\Thirdparty\webm\webm_parser\src\edition_entry_parser.h">
      <Filter>Thirdparty\Webm\webm_parser\src</Filter>
    </ClInclude>
    <ClInclude Include="..\Thirdparty\webm\webm_parser\src\element_parser.h">
      <Filter>Thirdparty\Webm\webm_parser\src</Filter>
    </ClInclude>
    <ClInclude Include="..\Thirdparty\webm\webm_parser\src\float_parser.h">
      <Filter>Thirdparty\Webm\webm_parser\src</Filter>
    </ClInclude>
    <ClInclude Include="..\Thirdparty\webm\webm_parser\src\id_element_parser.h">
      <Filter>Thirdparty\Webm\webm_parser\src</Filter>
    </ClInclude>
    <ClInclude Include="..\Thirdparty\webm\webm_parser\src\id_parser.h">
      <Filter>Thirdparty\Webm\webm_parser\src</Filter>
    </ClInclude>
    <ClInclude Include="..\Thirdparty\webm\webm_parser\src\info_parser.h">
      <Filter>Thirdparty\Webm\webm_parser\src</Filter>
    </ClInclude>
    <ClInclude Include="..\Thirdparty\webm\webm_parser\src\int_parser.h">
      <Filter>Thirdparty\Webm\webm_parser\src</Filter>
    </ClInclude>
    <ClInclude Include="..\Thirdparty\webm\webm_parser\src\master_parser.h">
      <Filter>Thirdparty\Webm\webm_parser\src</Filter>
    </ClInclude>
    <ClInclude Include="..\Thirdparty\webm\webm_parser\src\master_value_parser.h">
      <Filter>Thirdparty\Webm\webm_parser\src</Filter>
    </ClInclude>
    <ClInclude Include="..\Thirdparty\webm\webm_parser\src\mastering_metadata_parser.h">
      <Filter>Thirdparty\Webm\webm_parser\src</Filter>
    </ClInclude>
    <ClInclude Include="..\Thirdparty\webm\webm_parser\src\parser.h">
      <Filter>Thirdparty\Webm\webm_parser\src</Filter>
    </ClInclude>
    <ClInclude Include="..\Thirdparty\webm\webm_parser\src\parser_utils.h">
      <Filter>Thirdparty\Webm\webm_parser\src</Filter>
    </ClInclude>
    <ClInclude Include="..\Thirdparty\webm\webm_parser\src\projection_parser.h">
      <Filter>Thirdparty\Webm\webm_parser\src</Filter>
    </ClInclude>
    <ClInclude Include="..\Thirdparty\webm\webm_parser\src\recursive_parser.h">
      <Filter>Thirdparty\Webm\webm_parser\src</Filter>
    </ClInclude>
    <ClInclude Include="..\Thirdparty\webm\webm_parser\src\seek_head_parser.h">
      <Filter>Thirdparty\Webm\webm_parser\src</Filter>
    </ClInclude>
    <ClInclude Include="..\Thirdparty\webm\webm_parser\src\seek_parser.h">
      <Filter>Thirdparty\Webm\webm_parser\src</Filter>
    </ClInclude>
    <ClInclude Include="..\Thirdparty\webm\webm_parser\src\segment_parser.h">
      <Filter>Thirdparty\Webm\webm_parser\src</Filter>
    </ClInclude>
    <ClInclude Include="..\Thirdparty\webm\webm_parser\src\simple_tag_parser.h">
      <Filter>Thirdparty\Webm\webm_parser\src</Filter>
    </ClInclude>
    <ClInclude Include="..\Thirdparty\webm\webm_parser\src\size_parser.h">
      <Filter>Thirdparty\Webm\webm_parser\src</Filter>
    </ClInclude>
    <ClInclude Include="..\Thirdparty\webm\webm_parser\src\skip_callback.h">
      <Filter>Thirdparty\Webm\webm_parser\src</Filter>
    </ClInclude>
    <ClInclude Include="..\Thirdparty\webm\webm_parser\src\skip_parser.h">
      <Filter>Thirdparty\Webm\webm_parser\src</Filter>
    </ClInclude>
    <ClInclude Include="..\Thirdparty\webm\webm_parser\src\slices_parser.h">
      <Filter>Thirdparty\Webm\webm_parser\src</Filter>
    </ClInclude>
    <ClInclude Include="..\Thirdparty\webm\webm_parser\src\tag_parser.h">
      <Filter>Thirdparty\Webm\webm_parser\src</Filter>
    </ClInclude>
    <ClInclude Include="..\Thirdparty\webm\webm_parser\src\tags_parser.h">
      <Filter>Thirdparty\Webm\webm_parser\src</Filter>
    </ClInclude>
    <ClInclude Include="..\Thirdparty\webm\webm_parser\src\targets_parser.h">
      <Filter>Thirdparty\Webm\webm_parser\src</Filter>
    </ClInclude>
    <ClInclude Include="..\Thirdparty\webm\webm_parser\src\time_slice_parser.h">
      <Filter>Thirdparty\Webm\webm_parser\src</Filter>
    </ClInclude>
    <ClInclude Include="..\Thirdparty\webm\webm_parser\src\track_entry_parser.h">
      <Filter>Thirdparty\Webm\webm_parser\src</Filter>
    </ClInclude>
    <ClInclude Include="..\Thirdparty\webm\webm_parser\src\tracks_parser.h">
      <Filter>Thirdparty\Webm\webm_parser\src</Filter>
    </ClInclude>
    <ClInclude Include="..\Thirdparty\webm\webm_parser\src\unknown_parser.h">
      <Filter>Thirdparty\Webm\webm_parser\src</Filter>
    </ClInclude>
    <ClInclude Include="..\Thirdparty\webm\webm_parser\src\var_int_parser.h">
      <Filter>Thirdparty\Webm\webm_parser\src</Filter>
    </ClInclude>
    <ClInclude Include="..\Thirdparty\webm\webm_parser\src\video_parser.h">
      <Filter>Thirdparty\Webm\webm_parser\src</Filter>
    </ClInclude>
    <ClInclude Include="..\Thirdparty\webm\webm_parser\src\virtual_block_parser.h">
      <Filter>Thirdparty\Webm\webm_parser\src</Filter>
    </ClInclude>
    <ClInclude Include="..\Thirdparty\webm\webm_parser\src\void_parser.h">
      <Filter>Thirdparty\Webm\webm_parser\src</Filter>
    </ClInclude>
    <ClInclude Include="..\Thirdparty\webm\webm_parser\include\webm\buffer_reader.h">
      <Filter>Thirdparty\Webm\webm_parser\include\webm</Filter>
    </ClInclude>
    <ClInclude Include="..\Thirdparty\webm\webm_parser\include\webm\callback.h">
      <Filter>Thirdparty\Webm\webm_parser\include\webm</Filter>
    </ClInclude>
    <ClInclude Include="..\Thirdparty\webm\webm_parser\include\webm\dom_types.h">
      <Filter>Thirdparty\Webm\webm_parser\include\webm</Filter>
    </ClInclude>
    <ClInclude Include="..\Thirdparty\webm\webm_parser\include\webm\element.h">
      <Filter>Thirdparty\Webm\webm_parser\include\webm</Filter>
    </ClInclude>
    <ClInclude Include="..\Thirdparty\webm\webm_parser\include\webm\file_reader.h">
      <Filter>Thirdparty\Webm\webm_parser\include\webm</Filter>
    </ClInclude>
    <ClInclude Include="..\Thirdparty\webm\webm_parser\include\webm\id.h">
      <Filter>Thirdparty\Webm\webm_parser\include\webm</Filter>
    </ClInclude>
    <ClInclude Include="..\Thirdparty\webm\webm_parser\include\webm\istream_reader.h">
      <Filter>Thirdparty\Webm\webm_parser\include\webm</Filter>
    </ClInclude>
    <ClInclude Include="..\Thirdparty\webm\webm_parser\include\webm\reader.h">
      <Filter>Thirdparty\Webm\webm_parser\include\webm</Filter>
    </ClInclude>
    <ClInclude Include="..\Thirdparty\webm\webm_parser\include\webm\status.h">
      <Filter>Thirdparty\Webm\webm_parser\include\webm</Filter>
    </ClInclude>
    <ClInclude Include="..\Thirdparty\webm\webm_parser\include\webm\webm_parser.h">
      <Filter>Thirdparty\Webm\webm_parser\include\webm</Filter>
    </ClInclude>
    <ClInclude Include="Core\WebM.hpp">
      <Filter>Core</Filter>
    </ClInclude>
    <ClInclude Include="Video\VideoSystem.hpp">
      <Filter>Video</Filter>
    </ClInclude>
    <ClInclude Include="RHI\RHIVideoContext.hpp">
      <Filter>RHI</Filter>
    </ClInclude>
    <ClInclude Include="RHI\RHIVideoDevice.hpp">
      <Filter>RHI</Filter>
    </ClInclude>
    <ClInclude Include="Services\IVideoService.hpp">
      <Filter>Services</Filter>
    </ClInclude>
    <ClInclude Include="RHI\RHIVideoDecoder.hpp">
      <Filter>RHI</Filter>
    </ClInclude>
    <ClInclude Include="..\Thirdparty\box2d\b2_api.h">
      <Filter>Thirdparty\box2d</Filter>
    </ClInclude>
    <ClInclude Include="..\Thirdparty\box2d\b2_block_allocator.h">
      <Filter>Thirdparty\box2d</Filter>
    </ClInclude>
    <ClInclude Include="..\Thirdparty\box2d\b2_body.h">
      <Filter>Thirdparty\box2d</Filter>
    </ClInclude>
    <ClInclude Include="..\Thirdparty\box2d\b2_broad_phase.h">
      <Filter>Thirdparty\box2d</Filter>
    </ClInclude>
    <ClInclude Include="..\Thirdparty\box2d\b2_chain_shape.h">
      <Filter>Thirdparty\box2d</Filter>
    </ClInclude>
    <ClInclude Include="..\Thirdparty\box2d\b2_circle_shape.h">
      <Filter>Thirdparty\box2d</Filter>
    </ClInclude>
    <ClInclude Include="..\Thirdparty\box2d\b2_collision.h">
      <Filter>Thirdparty\box2d</Filter>
    </ClInclude>
    <ClInclude Include="..\Thirdparty\box2d\b2_common.h">
      <Filter>Thirdparty\box2d</Filter>
    </ClInclude>
    <ClInclude Include="..\Thirdparty\box2d\b2_contact.h">
      <Filter>Thirdparty\box2d</Filter>
    </ClInclude>
    <ClInclude Include="..\Thirdparty\box2d\b2_contact_manager.h">
      <Filter>Thirdparty\box2d</Filter>
    </ClInclude>
    <ClInclude Include="..\Thirdparty\box2d\b2_distance.h">
      <Filter>Thirdparty\box2d</Filter>
    </ClInclude>
    <ClInclude Include="..\Thirdparty\box2d\b2_distance_joint.h">
      <Filter>Thirdparty\box2d</Filter>
    </ClInclude>
    <ClInclude Include="..\Thirdparty\box2d\b2_draw.h">
      <Filter>Thirdparty\box2d</Filter>
    </ClInclude>
    <ClInclude Include="..\Thirdparty\box2d\b2_dynamic_tree.h">
      <Filter>Thirdparty\box2d</Filter>
    </ClInclude>
    <ClInclude Include="..\Thirdparty\box2d\b2_edge_shape.h">
      <Filter>Thirdparty\box2d</Filter>
    </ClInclude>
    <ClInclude Include="..\Thirdparty\box2d\b2_fixture.h">
      <Filter>Thirdparty\box2d</Filter>
    </ClInclude>
    <ClInclude Include="..\Thirdparty\box2d\b2_friction_joint.h">
      <Filter>Thirdparty\box2d</Filter>
    </ClInclude>
    <ClInclude Include="..\Thirdparty\box2d\b2_gear_joint.h">
      <Filter>Thirdparty\box2d</Filter>
    </ClInclude>
    <ClInclude Include="..\Thirdparty\box2d\b2_growable_stack.h">
      <Filter>Thirdparty\box2d</Filter>
    </ClInclude>
    <ClInclude Include="..\Thirdparty\box2d\b2_joint.h">
      <Filter>Thirdparty\box2d</Filter>
    </ClInclude>
    <ClInclude Include="..\Thirdparty\box2d\b2_math.h">
      <Filter>Thirdparty\box2d</Filter>
    </ClInclude>
    <ClInclude Include="..\Thirdparty\box2d\b2_motor_joint.h">
      <Filter>Thirdparty\box2d</Filter>
    </ClInclude>
    <ClInclude Include="..\Thirdparty\box2d\b2_mouse_joint.h">
      <Filter>Thirdparty\box2d</Filter>
    </ClInclude>
    <ClInclude Include="..\Thirdparty\box2d\b2_polygon_shape.h">
      <Filter>Thirdparty\box2d</Filter>
    </ClInclude>
    <ClInclude Include="..\Thirdparty\box2d\b2_prismatic_joint.h">
      <Filter>Thirdparty\box2d</Filter>
    </ClInclude>
    <ClInclude Include="..\Thirdparty\box2d\b2_pulley_joint.h">
      <Filter>Thirdparty\box2d</Filter>
    </ClInclude>
    <ClInclude Include="..\Thirdparty\box2d\b2_revolute_joint.h">
      <Filter>Thirdparty\box2d</Filter>
    </ClInclude>
    <ClInclude Include="..\Thirdparty\box2d\b2_rope.h">
      <Filter>Thirdparty\box2d</Filter>
    </ClInclude>
    <ClInclude Include="..\Thirdparty\box2d\b2_settings.h">
      <Filter>Thirdparty\box2d</Filter>
    </ClInclude>
    <ClInclude Include="..\Thirdparty\box2d\b2_shape.h">
      <Filter>Thirdparty\box2d</Filter>
    </ClInclude>
    <ClInclude Include="..\Thirdparty\box2d\b2_stack_allocator.h">
      <Filter>Thirdparty\box2d</Filter>
    </ClInclude>
    <ClInclude Include="..\Thirdparty\box2d\b2_time_of_impact.h">
      <Filter>Thirdparty\box2d</Filter>
    </ClInclude>
    <ClInclude Include="..\Thirdparty\box2d\b2_time_step.h">
      <Filter>Thirdparty\box2d</Filter>
    </ClInclude>
    <ClInclude Include="..\Thirdparty\box2d\b2_timer.h">
      <Filter>Thirdparty\box2d</Filter>
    </ClInclude>
    <ClInclude Include="..\Thirdparty\box2d\b2_types.h">
      <Filter>Thirdparty\box2d</Filter>
    </ClInclude>
    <ClInclude Include="..\Thirdparty\box2d\b2_weld_joint.h">
      <Filter>Thirdparty\box2d</Filter>
    </ClInclude>
    <ClInclude Include="..\Thirdparty\box2d\b2_wheel_joint.h">
      <Filter>Thirdparty\box2d</Filter>
    </ClInclude>
    <ClInclude Include="..\Thirdparty\box2d\b2_world.h">
      <Filter>Thirdparty\box2d</Filter>
    </ClInclude>
    <ClInclude Include="..\Thirdparty\box2d\b2_world_callbacks.h">
      <Filter>Thirdparty\box2d</Filter>
    </ClInclude>
    <ClInclude Include="..\Thirdparty\box2d\box2d.h">
      <Filter>Thirdparty\box2d</Filter>
    </ClInclude>
    <ClInclude Include="System\Process.hpp">
      <Filter>System</Filter>
    </ClInclude>
    <ClInclude Include="Core\RingBuffer.hpp">
      <Filter>Core</Filter>
    </ClInclude>
    <ClInclude Include="..\..\..\..\clay\clay.h">
      <Filter>Thirdparty\clay</Filter>
    </ClInclude>
    <ClInclude Include="UI\DearImgui.hpp">
      <Filter>UI</Filter>
    </ClInclude>
    <ClInclude Include="UI\ClayUI.hpp">
      <Filter>UI</Filter>
    </ClInclude>
    <ClInclude Include="..\Thirdparty\Tracy\tracy\Tracy.hpp">
      <Filter>Thirdparty\Tracy\tracy</Filter>
    </ClInclude>
    <ClInclude Include="..\Thirdparty\freetype\ft2build.h">
      <Filter>Thirdparty\freetype</Filter>
    </ClInclude>
    <ClInclude Include="..\Thirdparty\freetype\freetype\freetype.h">
      <Filter>Thirdparty\freetype\freetype</Filter>
    </ClInclude>
    <ClInclude Include="..\Thirdparty\freetype\freetype\ftadvanc.h">
      <Filter>Thirdparty\freetype\freetype</Filter>
    </ClInclude>
    <ClInclude Include="..\Thirdparty\freetype\freetype\ftbbox.h">
      <Filter>Thirdparty\freetype\freetype</Filter>
    </ClInclude>
    <ClInclude Include="..\Thirdparty\freetype\freetype\ftbdf.h">
      <Filter>Thirdparty\freetype\freetype</Filter>
    </ClInclude>
    <ClInclude Include="..\Thirdparty\freetype\freetype\ftbitmap.h">
      <Filter>Thirdparty\freetype\freetype</Filter>
    </ClInclude>
    <ClInclude Include="..\Thirdparty\freetype\freetype\ftbzip2.h">
      <Filter>Thirdparty\freetype\freetype</Filter>
    </ClInclude>
    <ClInclude Include="..\Thirdparty\freetype\freetype\ftcache.h">
      <Filter>Thirdparty\freetype\freetype</Filter>
    </ClInclude>
    <ClInclude Include="..\Thirdparty\freetype\freetype\ftchapters.h">
      <Filter>Thirdparty\freetype\freetype</Filter>
    </ClInclude>
    <ClInclude Include="..\Thirdparty\freetype\freetype\ftcid.h">
      <Filter>Thirdparty\freetype\freetype</Filter>
    </ClInclude>
    <ClInclude Include="..\Thirdparty\freetype\freetype\ftcolor.h">
      <Filter>Thirdparty\freetype\freetype</Filter>
    </ClInclude>
    <ClInclude Include="..\Thirdparty\freetype\freetype\ftdriver.h">
      <Filter>Thirdparty\freetype\freetype</Filter>
    </ClInclude>
    <ClInclude Include="..\Thirdparty\freetype\freetype\fterrdef.h">
      <Filter>Thirdparty\freetype\freetype</Filter>
    </ClInclude>
    <ClInclude Include="..\Thirdparty\freetype\freetype\fterrors.h">
      <Filter>Thirdparty\freetype\freetype</Filter>
    </ClInclude>
    <ClInclude Include="..\Thirdparty\freetype\freetype\ftfntfmt.h">
      <Filter>Thirdparty\freetype\freetype</Filter>
    </ClInclude>
    <ClInclude Include="..\Thirdparty\freetype\freetype\ftgasp.h">
      <Filter>Thirdparty\freetype\freetype</Filter>
    </ClInclude>
    <ClInclude Include="..\Thirdparty\freetype\freetype\ftglyph.h">
      <Filter>Thirdparty\freetype\freetype</Filter>
    </ClInclude>
    <ClInclude Include="..\Thirdparty\freetype\freetype\ftgxval.h">
      <Filter>Thirdparty\freetype\freetype</Filter>
    </ClInclude>
    <ClInclude Include="..\Thirdparty\freetype\freetype\ftgzip.h">
      <Filter>Thirdparty\freetype\freetype</Filter>
    </ClInclude>
    <ClInclude Include="..\Thirdparty\freetype\freetype\ftimage.h">
      <Filter>Thirdparty\freetype\freetype</Filter>
    </ClInclude>
    <ClInclude Include="..\Thirdparty\freetype\freetype\ftincrem.h">
      <Filter>Thirdparty\freetype\freetype</Filter>
    </ClInclude>
    <ClInclude Include="..\Thirdparty\freetype\freetype\ftlcdfil.h">
      <Filter>Thirdparty\freetype\freetype</Filter>
    </ClInclude>
    <ClInclude Include="..\Thirdparty\freetype\freetype\ftlist.h">
      <Filter>Thirdparty\freetype\freetype</Filter>
    </ClInclude>
    <ClInclude Include="..\Thirdparty\freetype\freetype\ftlogging.h">
      <Filter>Thirdparty\freetype\freetype</Filter>
    </ClInclude>
    <ClInclude Include="..\Thirdparty\freetype\freetype\ftlzw.h">
      <Filter>Thirdparty\freetype\freetype</Filter>
    </ClInclude>
    <ClInclude Include="..\Thirdparty\freetype\freetype\ftmac.h">
      <Filter>Thirdparty\freetype\freetype</Filter>
    </ClInclude>
    <ClInclude Include="..\Thirdparty\freetype\freetype\ftmm.h">
      <Filter>Thirdparty\freetype\freetype</Filter>
    </ClInclude>
    <ClInclude Include="..\Thirdparty\freetype\freetype\ftmodapi.h">
      <Filter>Thirdparty\freetype\freetype</Filter>
    </ClInclude>
    <ClInclude Include="..\Thirdparty\freetype\freetype\ftmoderr.h">
      <Filter>Thirdparty\freetype\freetype</Filter>
    </ClInclude>
    <ClInclude Include="..\Thirdparty\freetype\freetype\ftotval.h">
      <Filter>Thirdparty\freetype\freetype</Filter>
    </ClInclude>
    <ClInclude Include="..\Thirdparty\freetype\freetype\ftoutln.h">
      <Filter>Thirdparty\freetype\freetype</Filter>
    </ClInclude>
    <ClInclude Include="..\Thirdparty\freetype\freetype\ftparams.h">
      <Filter>Thirdparty\freetype\freetype</Filter>
    </ClInclude>
    <ClInclude Include="..\Thirdparty\freetype\freetype\ftpfr.h">
      <Filter>Thirdparty\freetype\freetype</Filter>
    </ClInclude>
    <ClInclude Include="..\Thirdparty\freetype\freetype\ftrender.h">
      <Filter>Thirdparty\freetype\freetype</Filter>
    </ClInclude>
    <ClInclude Include="..\Thirdparty\freetype\freetype\ftsizes.h">
      <Filter>Thirdparty\freetype\freetype</Filter>
    </ClInclude>
    <ClInclude Include="..\Thirdparty\freetype\freetype\ftsnames.h">
      <Filter>Thirdparty\freetype\freetype</Filter>
    </ClInclude>
    <ClInclude Include="..\Thirdparty\freetype\freetype\ftstroke.h">
      <Filter>Thirdparty\freetype\freetype</Filter>
    </ClInclude>
    <ClInclude Include="..\Thirdparty\freetype\freetype\ftsynth.h">
      <Filter>Thirdparty\freetype\freetype</Filter>
    </ClInclude>
    <ClInclude Include="..\Thirdparty\freetype\freetype\ftsystem.h">
      <Filter>Thirdparty\freetype\freetype</Filter>
    </ClInclude>
    <ClInclude Include="..\Thirdparty\freetype\freetype\fttrigon.h">
      <Filter>Thirdparty\freetype\freetype</Filter>
    </ClInclude>
    <ClInclude Include="..\Thirdparty\freetype\freetype\fttypes.h">
      <Filter>Thirdparty\freetype\freetype</Filter>
    </ClInclude>
    <ClInclude Include="..\Thirdparty\freetype\freetype\ftwinfnt.h">
      <Filter>Thirdparty\freetype\freetype</Filter>
    </ClInclude>
    <ClInclude Include="..\Thirdparty\freetype\freetype\otsvg.h">
      <Filter>Thirdparty\freetype\freetype</Filter>
    </ClInclude>
    <ClInclude Include="..\Thirdparty\freetype\freetype\t1tables.h">
      <Filter>Thirdparty\freetype\freetype</Filter>
    </ClInclude>
    <ClInclude Include="..\Thirdparty\freetype\freetype\ttnameid.h">
      <Filter>Thirdparty\freetype\freetype</Filter>
    </ClInclude>
    <ClInclude Include="..\Thirdparty\freetype\freetype\tttables.h">
      <Filter>Thirdparty\freetype\freetype</Filter>
    </ClInclude>
    <ClInclude Include="..\Thirdparty\freetype\freetype\tttags.h">
      <Filter>Thirdparty\freetype\freetype</Filter>
    </ClInclude>
    <ClInclude Include="..\Thirdparty\freetype\freetype\config\ftconfig.h">
      <Filter>Thirdparty\freetype\freetype\config</Filter>
    </ClInclude>
    <ClInclude Include="..\Thirdparty\freetype\freetype\config\ftheader.h">
      <Filter>Thirdparty\freetype\freetype\config</Filter>
    </ClInclude>
    <ClInclude Include="..\Thirdparty\freetype\freetype\config\ftmodule.h">
      <Filter>Thirdparty\freetype\freetype\config</Filter>
    </ClInclude>
    <ClInclude Include="..\Thirdparty\freetype\freetype\config\ftoption.h">
      <Filter>Thirdparty\freetype\freetype\config</Filter>
    </ClInclude>
    <ClInclude Include="..\Thirdparty\freetype\freetype\config\ftstdlib.h">
      <Filter>Thirdparty\freetype\freetype\config</Filter>
    </ClInclude>
    <ClInclude Include="..\Thirdparty\freetype\freetype\config\integer-types.h">
      <Filter>Thirdparty\freetype\freetype\config</Filter>
    </ClInclude>
    <ClInclude Include="..\Thirdparty\freetype\freetype\config\mac-support.h">
      <Filter>Thirdparty\freetype\freetype\config</Filter>
    </ClInclude>
    <ClInclude Include="..\Thirdparty\freetype\freetype\config\public-macros.h">
      <Filter>Thirdparty\freetype\freetype\config</Filter>
    </ClInclude>
    <ClInclude Include="..\Thirdparty\freetype\freetype\internal\autohint.h">
      <Filter>Thirdparty\freetype\freetype\internal</Filter>
    </ClInclude>
    <ClInclude Include="..\Thirdparty\freetype\freetype\internal\cffotypes.h">
      <Filter>Thirdparty\freetype\freetype\internal</Filter>
    </ClInclude>
    <ClInclude Include="..\Thirdparty\freetype\freetype\internal\cfftypes.h">
      <Filter>Thirdparty\freetype\freetype\internal</Filter>
    </ClInclude>
    <ClInclude Include="..\Thirdparty\freetype\freetype\internal\compiler-macros.h">
      <Filter>Thirdparty\freetype\freetype\internal</Filter>
    </ClInclude>
    <ClInclude Include="..\Thirdparty\freetype\freetype\internal\ftcalc.h">
      <Filter>Thirdparty\freetype\freetype\internal</Filter>
    </ClInclude>
    <ClInclude Include="..\Thirdparty\freetype\freetype\internal\ftdebug.h">
      <Filter>Thirdparty\freetype\freetype\internal</Filter>
    </ClInclude>
    <ClInclude Include="..\Thirdparty\freetype\freetype\internal\ftdrv.h">
      <Filter>Thirdparty\freetype\freetype\internal</Filter>
    </ClInclude>
    <ClInclude Include="..\Thirdparty\freetype\freetype\internal\ftgloadr.h">
      <Filter>Thirdparty\freetype\freetype\internal</Filter>
    </ClInclude>
    <ClInclude Include="..\Thirdparty\freetype\freetype\internal\fthash.h">
      <Filter>Thirdparty\freetype\freetype\internal</Filter>
    </ClInclude>
    <ClInclude Include="..\Thirdparty\freetype\freetype\internal\ftmemory.h">
      <Filter>Thirdparty\freetype\freetype\internal</Filter>
    </ClInclude>
    <ClInclude Include="..\Thirdparty\freetype\freetype\internal\ftmmtypes.h">
      <Filter>Thirdparty\freetype\freetype\internal</Filter>
    </ClInclude>
    <ClInclude Include="..\Thirdparty\freetype\freetype\internal\ftobjs.h">
      <Filter>Thirdparty\freetype\freetype\internal</Filter>
    </ClInclude>
    <ClInclude Include="..\Thirdparty\freetype\freetype\internal\ftpsprop.h">
      <Filter>Thirdparty\freetype\freetype\internal</Filter>
    </ClInclude>
    <ClInclude Include="..\Thirdparty\freetype\freetype\internal\ftrfork.h">
      <Filter>Thirdparty\freetype\freetype\internal</Filter>
    </ClInclude>
    <ClInclude Include="..\Thirdparty\freetype\freetype\internal\ftserv.h">
      <Filter>Thirdparty\freetype\freetype\internal</Filter>
    </ClInclude>
    <ClInclude Include="..\Thirdparty\freetype\freetype\internal\ftstream.h">
      <Filter>Thirdparty\freetype\freetype\internal</Filter>
    </ClInclude>
    <ClInclude Include="..\Thirdparty\freetype\freetype\internal\fttrace.h">
      <Filter>Thirdparty\freetype\freetype\internal</Filter>
    </ClInclude>
    <ClInclude Include="..\Thirdparty\freetype\freetype\internal\ftvalid.h">
      <Filter>Thirdparty\freetype\freetype\internal</Filter>
    </ClInclude>
    <ClInclude Include="..\Thirdparty\freetype\freetype\internal\psaux.h">
      <Filter>Thirdparty\freetype\freetype\internal</Filter>
    </ClInclude>
    <ClInclude Include="..\Thirdparty\freetype\freetype\internal\pshints.h">
      <Filter>Thirdparty\freetype\freetype\internal</Filter>
    </ClInclude>
    <ClInclude Include="..\Thirdparty\freetype\freetype\internal\sfnt.h">
      <Filter>Thirdparty\freetype\freetype\internal</Filter>
    </ClInclude>
    <ClInclude Include="..\Thirdparty\freetype\freetype\internal\svginterface.h">
      <Filter>Thirdparty\freetype\freetype\internal</Filter>
    </ClInclude>
    <ClInclude Include="..\Thirdparty\freetype\freetype\internal\t1types.h">
      <Filter>Thirdparty\freetype\freetype\internal</Filter>
    </ClInclude>
    <ClInclude Include="..\Thirdparty\freetype\freetype\internal\tttypes.h">
      <Filter>Thirdparty\freetype\freetype\internal</Filter>
    </ClInclude>
    <ClInclude Include="..\Thirdparty\freetype\freetype\internal\wofftypes.h">
      <Filter>Thirdparty\freetype\freetype\internal</Filter>
    </ClInclude>
    <ClInclude Include="..\Thirdparty\freetype\freetype\internal\services\svbdf.h">
      <Filter>Thirdparty\freetype\freetype\internal\services</Filter>
    </ClInclude>
    <ClInclude Include="..\Thirdparty\freetype\freetype\internal\services\svcfftl.h">
      <Filter>Thirdparty\freetype\freetype\internal\services</Filter>
    </ClInclude>
    <ClInclude Include="..\Thirdparty\freetype\freetype\internal\services\svcid.h">
      <Filter>Thirdparty\freetype\freetype\internal\services</Filter>
    </ClInclude>
    <ClInclude Include="..\Thirdparty\freetype\freetype\internal\services\svfntfmt.h">
      <Filter>Thirdparty\freetype\freetype\internal\services</Filter>
    </ClInclude>
    <ClInclude Include="..\Thirdparty\freetype\freetype\internal\services\svgldict.h">
      <Filter>Thirdparty\freetype\freetype\internal\services</Filter>
    </ClInclude>
    <ClInclude Include="..\Thirdparty\freetype\freetype\internal\services\svgxval.h">
      <Filter>Thirdparty\freetype\freetype\internal\services</Filter>
    </ClInclude>
    <ClInclude Include="..\Thirdparty\freetype\freetype\internal\services\svkern.h">
      <Filter>Thirdparty\freetype\freetype\internal\services</Filter>
    </ClInclude>
    <ClInclude Include="..\Thirdparty\freetype\freetype\internal\services\svmetric.h">
      <Filter>Thirdparty\freetype\freetype\internal\services</Filter>
    </ClInclude>
    <ClInclude Include="..\Thirdparty\freetype\freetype\internal\services\svmm.h">
      <Filter>Thirdparty\freetype\freetype\internal\services</Filter>
    </ClInclude>
    <ClInclude Include="..\Thirdparty\freetype\freetype\internal\services\svotval.h">
      <Filter>Thirdparty\freetype\freetype\internal\services</Filter>
    </ClInclude>
    <ClInclude Include="..\Thirdparty\freetype\freetype\internal\services\svpfr.h">
      <Filter>Thirdparty\freetype\freetype\internal\services</Filter>
    </ClInclude>
    <ClInclude Include="..\Thirdparty\freetype\freetype\internal\services\svpostnm.h">
      <Filter>Thirdparty\freetype\freetype\internal\services</Filter>
    </ClInclude>
    <ClInclude Include="..\Thirdparty\freetype\freetype\internal\services\svprop.h">
      <Filter>Thirdparty\freetype\freetype\internal\services</Filter>
    </ClInclude>
    <ClInclude Include="..\Thirdparty\freetype\freetype\internal\services\svpscmap.h">
      <Filter>Thirdparty\freetype\freetype\internal\services</Filter>
    </ClInclude>
    <ClInclude Include="..\Thirdparty\freetype\freetype\internal\services\svpsinfo.h">
      <Filter>Thirdparty\freetype\freetype\internal\services</Filter>
    </ClInclude>
    <ClInclude Include="..\Thirdparty\freetype\freetype\internal\services\svsfnt.h">
      <Filter>Thirdparty\freetype\freetype\internal\services</Filter>
    </ClInclude>
    <ClInclude Include="..\Thirdparty\freetype\freetype\internal\services\svttcmap.h">
      <Filter>Thirdparty\freetype\freetype\internal\services</Filter>
    </ClInclude>
    <ClInclude Include="..\Thirdparty\freetype\freetype\internal\services\svtteng.h">
      <Filter>Thirdparty\freetype\freetype\internal\services</Filter>
    </ClInclude>
    <ClInclude Include="..\Thirdparty\freetype\freetype\internal\services\svttglyf.h">
      <Filter>Thirdparty\freetype\freetype\internal\services</Filter>
    </ClInclude>
    <ClInclude Include="..\Thirdparty\freetype\freetype\internal\services\svwinfnt.h">
      <Filter>Thirdparty\freetype\freetype\internal\services</Filter>
    </ClInclude>
    <ClInclude Include="Core\Font.hpp">
      <Filter>Core</Filter>
    </ClInclude>
    <ClInclude Include="..\Thirdparty\stb\stb_rect_pack.h">
      <Filter>Thirdparty\STB</Filter>
    </ClInclude>
    <ClInclude Include="Core\IFont.hpp">
      <Filter>Core</Filter>
    </ClInclude>
    <ClInclude Include="..\Thirdparty\zlib\unzip.h">
      <Filter>Thirdparty\zlib</Filter>
    </ClInclude>
    <ClInclude Include="..\Thirdparty\zlib\zip.h">
      <Filter>Thirdparty\zlib</Filter>
    </ClInclude>
    <ClInclude Include="..\Thirdparty\zlib\zlib.h">
      <Filter>Thirdparty\zlib</Filter>
    </ClInclude>
    <ClInclude Include="..\Thirdparty\zlib\zconf.h">
      <Filter>Thirdparty\zlib</Filter>
    </ClInclude>
    <ClInclude Include="..\Thirdparty\zlib\ioapi.h">
      <Filter>Thirdparty\zlib</Filter>
    </ClInclude>
    <ClInclude Include="..\Thirdparty\zlib\ints.h">
      <Filter>Thirdparty\zlib</Filter>
    </ClInclude>
    <ClInclude Include="..\Thirdparty\zlib\crypt.h">
      <Filter>Thirdparty\zlib</Filter>
    </ClInclude>
    <ClInclude Include="..\Thirdparty\zlib\skipset.h">
      <Filter>Thirdparty\zlib</Filter>
    </ClInclude>
    <ClInclude Include="..\Thirdparty\zlib\iowin32.h">
      <Filter>Thirdparty\zlib</Filter>
    </ClInclude>
    <ClInclude Include="..\Thirdparty\nlohmann\json\json_fwd.hpp">
      <Filter>Thirdparty\JSON</Filter>
    </ClInclude>
  </ItemGroup>
  <ItemGroup>
    <FxCompile Include="Renderer\DirectX\Shaders\webp.hlsl">
      <Filter>Renderer\DirectX\Shaders</Filter>
    </FxCompile>
    <FxCompile Include="Renderer\DirectX\Shaders\webm.hlsl">
      <Filter>Renderer\DirectX\Shaders</Filter>
    </FxCompile>
    <FxCompile Include="Renderer\DirectX\Shaders\roundedrectangle.hlsl">
      <Filter>Renderer\DirectX\Shaders</Filter>
    </FxCompile>
    <FxCompile Include="Renderer\DirectX\Shaders\font.hlsl">
      <Filter>Renderer\DirectX\Shaders</Filter>
    </FxCompile>
  </ItemGroup>
  <ItemGroup>
    <None Include="Renderer\DirectX\Shaders\webp_PS.cso">
      <Filter>Renderer\DirectX\Shaders</Filter>
    </None>
    <None Include="Renderer\DirectX\Shaders\webp_VS.cso">
      <Filter>Renderer\DirectX\Shaders</Filter>
    </None>
    <None Include="Renderer\DirectX\Shaders\Font_PS.cso">
      <Filter>Renderer\DirectX\Shaders</Filter>
    </None>
    <None Include="Renderer\DirectX\Shaders\Font_VS.cso">
      <Filter>Renderer\DirectX\Shaders</Filter>
    </None>
    <None Include="Renderer\DirectX\Shaders\roundedrectangle_PS.cso">
      <Filter>Renderer\DirectX\Shaders</Filter>
    </None>
    <None Include="Renderer\DirectX\Shaders\roundedrectangle_VS.cso">
      <Filter>Renderer\DirectX\Shaders</Filter>
    </None>
    <None Include="..\Thirdparty\zlib\zconf.h.in">
      <Filter>Thirdparty\zlib</Filter>
    </None>
  </ItemGroup>
</Project>